// !$*UTF8*$!
{
	archiveVersion = 1;
	classes = {
	};
	objectVersion = 52;
	objects = {

/* Begin PBXBuildFile section */
		1D14AD5925790BA700CB2C82 /* ProfileSectionHeaderCell.swift in Sources */ = {isa = PBXBuildFile; fileRef = 1D14AD5825790BA700CB2C82 /* ProfileSectionHeaderCell.swift */; };
		1D14AD672579E41E00CB2C82 /* LoadProfileResponse.swift in Sources */ = {isa = PBXBuildFile; fileRef = 1D14AD662579E41E00CB2C82 /* LoadProfileResponse.swift */; };
		1D14AD6B257A0CFD00CB2C82 /* ProfileTextFieldTableViewCell.swift in Sources */ = {isa = PBXBuildFile; fileRef = 1D14AD6A257A0CFD00CB2C82 /* ProfileTextFieldTableViewCell.swift */; };
		1D14AD6F257A0F5100CB2C82 /* UITextField+Extensions.swift in Sources */ = {isa = PBXBuildFile; fileRef = 1D14AD6E257A0F5100CB2C82 /* UITextField+Extensions.swift */; };
		1D14AD73257A16AC00CB2C82 /* ProfileInfoTableViewCell.swift in Sources */ = {isa = PBXBuildFile; fileRef = 1D14AD72257A16AB00CB2C82 /* ProfileInfoTableViewCell.swift */; };
		1D14AD77257A16BC00CB2C82 /* ProfileTrailerTableViewCell.swift in Sources */ = {isa = PBXBuildFile; fileRef = 1D14AD76257A16BC00CB2C82 /* ProfileTrailerTableViewCell.swift */; };
		1D14AD7B257AA8E900CB2C82 /* ProfileTextViewTableViewCell.swift in Sources */ = {isa = PBXBuildFile; fileRef = 1D14AD7A257AA8E800CB2C82 /* ProfileTextViewTableViewCell.swift */; };
		1D2A03E525655BB1008CE2D4 /* AuthenticationUseCase.swift in Sources */ = {isa = PBXBuildFile; fileRef = 1D2A03E425655BB1008CE2D4 /* AuthenticationUseCase.swift */; };
		1D2A03EA25655FFC008CE2D4 /* ProfileUseCase.swift in Sources */ = {isa = PBXBuildFile; fileRef = 1D2A03E925655FFC008CE2D4 /* ProfileUseCase.swift */; };
		1D2A03EF256561BB008CE2D4 /* PostContentUseCase.swift in Sources */ = {isa = PBXBuildFile; fileRef = 1D2A03EE256561BB008CE2D4 /* PostContentUseCase.swift */; };
		1D2A03F4256561D5008CE2D4 /* AppLifeCycleUseCase.swift in Sources */ = {isa = PBXBuildFile; fileRef = 1D2A03F3256561D5008CE2D4 /* AppLifeCycleUseCase.swift */; };
		1D2A03F9256562A1008CE2D4 /* ConnectivityUseCase.swift in Sources */ = {isa = PBXBuildFile; fileRef = 1D2A03F8256562A1008CE2D4 /* ConnectivityUseCase.swift */; };
		1D2A03FE25656C03008CE2D4 /* AppState.swift in Sources */ = {isa = PBXBuildFile; fileRef = 1D2A03FD25656C03008CE2D4 /* AppState.swift */; };
		1D2A04092565761B008CE2D4 /* ConnectionState.swift in Sources */ = {isa = PBXBuildFile; fileRef = 1D2A04082565761B008CE2D4 /* ConnectionState.swift */; };
		1D2A0420256582A0008CE2D4 /* Router.swift in Sources */ = {isa = PBXBuildFile; fileRef = 1D2A041F256582A0008CE2D4 /* Router.swift */; };
		1D2A042525658367008CE2D4 /* Route.swift in Sources */ = {isa = PBXBuildFile; fileRef = 1D2A042425658367008CE2D4 /* Route.swift */; };
		1D2A042A256583E8008CE2D4 /* UIViewController+Routing.swift in Sources */ = {isa = PBXBuildFile; fileRef = 1D2A0429256583E8008CE2D4 /* UIViewController+Routing.swift */; };
		1D2A042F2565847B008CE2D4 /* LoginViewController.swift in Sources */ = {isa = PBXBuildFile; fileRef = 1D2A042E2565847B008CE2D4 /* LoginViewController.swift */; };
		1D2A043425658484008CE2D4 /* LoginViewModel.swift in Sources */ = {isa = PBXBuildFile; fileRef = 1D2A043325658484008CE2D4 /* LoginViewModel.swift */; };
		1D2CAA1B2577739700A54AE5 /* Style+Styling.swift in Sources */ = {isa = PBXBuildFile; fileRef = 1D2CAA1A2577739700A54AE5 /* Style+Styling.swift */; };
		1D3433FB25624B4400886245 /* AppDelegate.swift in Sources */ = {isa = PBXBuildFile; fileRef = 1D3433FA25624B4400886245 /* AppDelegate.swift */; };
		1D3433FD25624B4400886245 /* SceneDelegate.swift in Sources */ = {isa = PBXBuildFile; fileRef = 1D3433FC25624B4400886245 /* SceneDelegate.swift */; };
		1D34340425624B4C00886245 /* Assets.xcassets in Resources */ = {isa = PBXBuildFile; fileRef = 1D34340325624B4C00886245 /* Assets.xcassets */; };
		1D34340725624B4C00886245 /* LaunchScreen.storyboard in Resources */ = {isa = PBXBuildFile; fileRef = 1D34340525624B4C00886245 /* LaunchScreen.storyboard */; };
		1D34341225624B4C00886245 /* BroadcastTests.swift in Sources */ = {isa = PBXBuildFile; fileRef = 1D34341125624B4C00886245 /* BroadcastTests.swift */; };
		1D3B29F625641BAF001874FD /* MainViewController.swift in Sources */ = {isa = PBXBuildFile; fileRef = 1D3B29F525641BAF001874FD /* MainViewController.swift */; };
		1D3B29FB25641C3A001874FD /* MainViewModel.swift in Sources */ = {isa = PBXBuildFile; fileRef = 1D3B29FA25641C3A001874FD /* MainViewModel.swift */; };
		1D3B2A002564CF7F001874FD /* AuthenticationService.swift in Sources */ = {isa = PBXBuildFile; fileRef = 1D3B29FF2564CF7E001874FD /* AuthenticationService.swift */; };
		1D3B2A0D2564D0EA001874FD /* LocalAuthenticationService.swift in Sources */ = {isa = PBXBuildFile; fileRef = 1D3B2A0C2564D0EA001874FD /* LocalAuthenticationService.swift */; };
		1D3B2A122564D1F0001874FD /* Services.swift in Sources */ = {isa = PBXBuildFile; fileRef = 1D3B2A112564D1F0001874FD /* Services.swift */; };
		1D3B2A1C2564D411001874FD /* CredentialsService.swift in Sources */ = {isa = PBXBuildFile; fileRef = 1D3B2A1B2564D411001874FD /* CredentialsService.swift */; };
		1D3B2A212564D76C001874FD /* StandardCredentialsService.swift in Sources */ = {isa = PBXBuildFile; fileRef = 1D3B2A202564D76C001874FD /* StandardCredentialsService.swift */; };
		1D3B2A262564E6F1001874FD /* UploadService.swift in Sources */ = {isa = PBXBuildFile; fileRef = 1D3B2A252564E6F1001874FD /* UploadService.swift */; };
		1D3B2A2C2564E7A5001874FD /* LocalUploadService.swift in Sources */ = {isa = PBXBuildFile; fileRef = 1D3B2A2B2564E7A5001874FD /* LocalUploadService.swift */; };
		1D3B2A342564E7AF001874FD /* StandardUploadService.swift in Sources */ = {isa = PBXBuildFile; fileRef = 1D3B2A332564E7AF001874FD /* StandardUploadService.swift */; };
		1D3B2A392564F0D5001874FD /* PersistanceService.swift in Sources */ = {isa = PBXBuildFile; fileRef = 1D3B2A382564F0D4001874FD /* PersistanceService.swift */; };
		1D3B2A3E2564F21E001874FD /* APIService.swift in Sources */ = {isa = PBXBuildFile; fileRef = 1D3B2A3D2564F21E001874FD /* APIService.swift */; };
		1D3B2A432564F22F001874FD /* LocalAPIService.swift in Sources */ = {isa = PBXBuildFile; fileRef = 1D3B2A422564F22F001874FD /* LocalAPIService.swift */; };
		1D3B2A482564F238001874FD /* StandardAPIService.swift in Sources */ = {isa = PBXBuildFile; fileRef = 1D3B2A472564F238001874FD /* StandardAPIService.swift */; };
		1D3ED5F525663504004236BB /* UIButton+Styling.swift in Sources */ = {isa = PBXBuildFile; fileRef = 1D3ED5F425663504004236BB /* UIButton+Styling.swift */; };
		1D3ED5FA25663512004236BB /* UIFont+Styling.swift in Sources */ = {isa = PBXBuildFile; fileRef = 1D3ED5F925663512004236BB /* UIFont+Styling.swift */; };
		1D3ED5FF25663521004236BB /* UIColor+Styling.swift in Sources */ = {isa = PBXBuildFile; fileRef = 1D3ED5FE25663521004236BB /* UIColor+Styling.swift */; };
		1D3ED60425663AAD004236BB /* UINavigationController+Routing.swift in Sources */ = {isa = PBXBuildFile; fileRef = 1D3ED60325663AAD004236BB /* UINavigationController+Routing.swift */; };
		1D3F71C2256FFC0B00DE7F05 /* UILabel+Styling.swift in Sources */ = {isa = PBXBuildFile; fileRef = 1D3F71C1256FFC0B00DE7F05 /* UILabel+Styling.swift */; };
		1D3F71C6257006D100DE7F05 /* PostSummaryView.swift in Sources */ = {isa = PBXBuildFile; fileRef = 1D3F71C5257006D100DE7F05 /* PostSummaryView.swift */; };
		1D3F71CA2570082800DE7F05 /* PostStatsView.swift in Sources */ = {isa = PBXBuildFile; fileRef = 1D3F71C92570082800DE7F05 /* PostStatsView.swift */; };
		1D3F71D0257016D000DE7F05 /* ProcessingView.swift in Sources */ = {isa = PBXBuildFile; fileRef = 1D3F71CF257016D000DE7F05 /* ProcessingView.swift */; };
		1D3F71D42570184500DE7F05 /* SpinnerView.swift in Sources */ = {isa = PBXBuildFile; fileRef = 1D3F71D32570184500DE7F05 /* SpinnerView.swift */; };
		1D3F71D82571205200DE7F05 /* LocalizedString.swift in Sources */ = {isa = PBXBuildFile; fileRef = 1D3F71D72571205200DE7F05 /* LocalizedString.swift */; };
		1D3F71E22571244900DE7F05 /* Localizable.strings in Resources */ = {isa = PBXBuildFile; fileRef = 1D3F71E42571244900DE7F05 /* Localizable.strings */; };
		1D3F71E82571294F00DE7F05 /* String+Extensions.swift in Sources */ = {isa = PBXBuildFile; fileRef = 1D3F71E72571294F00DE7F05 /* String+Extensions.swift */; };
		1D3F71ED2571516600DE7F05 /* RxDataSources in Frameworks */ = {isa = PBXBuildFile; productRef = 1D3F71EC2571516600DE7F05 /* RxDataSources */; };
		1D3F71EF2571516600DE7F05 /* Differentiator in Frameworks */ = {isa = PBXBuildFile; productRef = 1D3F71EE2571516600DE7F05 /* Differentiator */; };
		1D3F72262571634E00DE7F05 /* RxTableViewSectionedReloadDataSource+Extensions.swift in Sources */ = {isa = PBXBuildFile; fileRef = 1D3F72252571634D00DE7F05 /* RxTableViewSectionedReloadDataSource+Extensions.swift */; };
		1D419B9F258083450096FBB7 /* Dictionary+Extensions.swift in Sources */ = {isa = PBXBuildFile; fileRef = 1D419B9E258083450096FBB7 /* Dictionary+Extensions.swift */; };
		1D5CF0C32577CF50008F8C22 /* MediaPickerAdapter.swift in Sources */ = {isa = PBXBuildFile; fileRef = 1D5CF0C22577CF50008F8C22 /* MediaPickerAdapter.swift */; };
		1D6FCD7F2581B8490062FF54 /* Single+Extension.swift in Sources */ = {isa = PBXBuildFile; fileRef = 1D6FCD7E2581B8490062FF54 /* Single+Extension.swift */; };
		1D7127FB257883A80065B8EA /* ProfileDetailViewController.swift in Sources */ = {isa = PBXBuildFile; fileRef = 1D7127FA257883A80065B8EA /* ProfileDetailViewController.swift */; };
		1D7127FF257890100065B8EA /* ProfileDetailViewModel.swift in Sources */ = {isa = PBXBuildFile; fileRef = 1D7127FE2578900F0065B8EA /* ProfileDetailViewModel.swift */; };
		1D712804257890450065B8EA /* ProfileStripeAccountViewController.swift in Sources */ = {isa = PBXBuildFile; fileRef = 1D712803257890440065B8EA /* ProfileStripeAccountViewController.swift */; };
		1D712805257890450065B8EA /* ProfileStripeAccountViewModel.swift in Sources */ = {isa = PBXBuildFile; fileRef = 1D712802257890440065B8EA /* ProfileStripeAccountViewModel.swift */; };
		1D87DF4925683535000652D6 /* EditProfileViewController.swift in Sources */ = {isa = PBXBuildFile; fileRef = 1D87DF4825683535000652D6 /* EditProfileViewController.swift */; };
		1D87DF4E2568353F000652D6 /* EditProfileViewModel.swift in Sources */ = {isa = PBXBuildFile; fileRef = 1D87DF4D2568353F000652D6 /* EditProfileViewModel.swift */; };
		1D87DF532568367E000652D6 /* MyPostsViewController.swift in Sources */ = {isa = PBXBuildFile; fileRef = 1D87DF522568367E000652D6 /* MyPostsViewController.swift */; };
		1D87DF582568368A000652D6 /* MyPostsViewModel.swift in Sources */ = {isa = PBXBuildFile; fileRef = 1D87DF572568368A000652D6 /* MyPostsViewModel.swift */; };
		1D87DF7025683863000652D6 /* NewPostGuideViewController.swift in Sources */ = {isa = PBXBuildFile; fileRef = 1D87DF6F25683863000652D6 /* NewPostGuideViewController.swift */; };
		1D87DF752568387B000652D6 /* NewPostGuideViewModel.swift in Sources */ = {isa = PBXBuildFile; fileRef = 1D87DF742568387B000652D6 /* NewPostGuideViewModel.swift */; };
		1D87DF84256839C9000652D6 /* PostDetailViewController.swift in Sources */ = {isa = PBXBuildFile; fileRef = 1D87DF83256839C9000652D6 /* PostDetailViewController.swift */; };
		1D87DF8925683AC1000652D6 /* PostDetailViewModel.swift in Sources */ = {isa = PBXBuildFile; fileRef = 1D87DF8825683AC1000652D6 /* PostDetailViewModel.swift */; };
		1D87DF9325683B3E000652D6 /* ProfileViewController.swift in Sources */ = {isa = PBXBuildFile; fileRef = 1D87DF9225683B3E000652D6 /* ProfileViewController.swift */; };
		1D87DF9B25683B53000652D6 /* ProfileViewModel.swift in Sources */ = {isa = PBXBuildFile; fileRef = 1D87DF9A25683B53000652D6 /* ProfileViewModel.swift */; };
		1D916D0A25629C080059E549 /* ViewModel.swift in Sources */ = {isa = PBXBuildFile; fileRef = 1D916D0925629C080059E549 /* ViewModel.swift */; };
		1D916D1225629C1E0059E549 /* ViewController.swift in Sources */ = {isa = PBXBuildFile; fileRef = 1D916D1125629C1E0059E549 /* ViewController.swift */; };
		1D916D1825629EBF0059E549 /* RxSwift in Frameworks */ = {isa = PBXBuildFile; productRef = 1D916D1725629EBF0059E549 /* RxSwift */; };
		1D916D1A25629EBF0059E549 /* RxCocoa in Frameworks */ = {isa = PBXBuildFile; productRef = 1D916D1925629EBF0059E549 /* RxCocoa */; };
		1D916D202562A1180059E549 /* Alamofire in Frameworks */ = {isa = PBXBuildFile; productRef = 1D916D1F2562A1180059E549 /* Alamofire */; };
		1D916D262562A16D0059E549 /* TinyConstraints in Frameworks */ = {isa = PBXBuildFile; productRef = 1D916D252562A16D0059E549 /* TinyConstraints */; };
		1D916D2C2562A2840059E549 /* RxAlamofire in Frameworks */ = {isa = PBXBuildFile; productRef = 1D916D2B2562A2840059E549 /* RxAlamofire */; };
		1D916D342562A4CF0059E549 /* State.swift in Sources */ = {isa = PBXBuildFile; fileRef = 1D916D332562A4CF0059E549 /* State.swift */; };
		1D916D392562A4D90059E549 /* StateController.swift in Sources */ = {isa = PBXBuildFile; fileRef = 1D916D382562A4D90059E549 /* StateController.swift */; };
		1D916D442562A7180059E549 /* UseCases.swift in Sources */ = {isa = PBXBuildFile; fileRef = 1D916D432562A7180059E549 /* UseCases.swift */; };
		1D916D592562C2920059E549 /* Schedulers.swift in Sources */ = {isa = PBXBuildFile; fileRef = 1D916D582562C2920059E549 /* Schedulers.swift */; };
		1D916D5F2562C3870059E549 /* BoomdayError.swift in Sources */ = {isa = PBXBuildFile; fileRef = 1D916D5E2562C3870059E549 /* BoomdayError.swift */; };
		1D916D672562C7500059E549 /* Domain.swift in Sources */ = {isa = PBXBuildFile; fileRef = 1D916D662562C7500059E549 /* Domain.swift */; };
		1D916D6F2563F5250059E549 /* KeyboardEventsAdapter.swift in Sources */ = {isa = PBXBuildFile; fileRef = 1D916D6E2563F5240059E549 /* KeyboardEventsAdapter.swift */; };
		1D916D83256403F80059E549 /* Post.swift in Sources */ = {isa = PBXBuildFile; fileRef = 1D916D82256403F70059E549 /* Post.swift */; };
		1D916D88256404190059E549 /* AuthenticationState.swift in Sources */ = {isa = PBXBuildFile; fileRef = 1D916D87256404190059E549 /* AuthenticationState.swift */; };
		1D916D8D256404ED0059E549 /* Profile.swift in Sources */ = {isa = PBXBuildFile; fileRef = 1D916D8C256404ED0059E549 /* Profile.swift */; };
		1D916D93256406B10059E549 /* Configuration.swift in Sources */ = {isa = PBXBuildFile; fileRef = 1D916D92256406B10059E549 /* Configuration.swift */; };
		1D916D98256408CC0059E549 /* Logger.swift in Sources */ = {isa = PBXBuildFile; fileRef = 1D916D97256408CC0059E549 /* Logger.swift */; };
		1D916D9E25640C430059E549 /* SDWebImage in Frameworks */ = {isa = PBXBuildFile; productRef = 1D916D9D25640C430059E549 /* SDWebImage */; };
		1D916DA625640C810059E549 /* Development.xcconfig in Resources */ = {isa = PBXBuildFile; fileRef = 1D916DA325640C810059E549 /* Development.xcconfig */; };
		1D916DA725640C810059E549 /* Production.xcconfig in Resources */ = {isa = PBXBuildFile; fileRef = 1D916DA425640C810059E549 /* Production.xcconfig */; };
		1D916DA825640C810059E549 /* Staging.xcconfig in Resources */ = {isa = PBXBuildFile; fileRef = 1D916DA525640C810059E549 /* Staging.xcconfig */; };
		1D91A0CC256C1B8E0043A943 /* UIStackView+Extensions.swift in Sources */ = {isa = PBXBuildFile; fileRef = 1D91A0CB256C1B8E0043A943 /* UIStackView+Extensions.swift */; };
		1D91A0D2256C1DD60043A943 /* DismissableLabel.swift in Sources */ = {isa = PBXBuildFile; fileRef = 1D91A0D1256C1DD60043A943 /* DismissableLabel.swift */; };
		1D9256C5257E6A3200E988B2 /* AccountInfoTableViewCell.swift in Sources */ = {isa = PBXBuildFile; fileRef = 1D9256C4257E6A3200E988B2 /* AccountInfoTableViewCell.swift */; };
		1D9256C9257E70AF00E988B2 /* Locale+Extension.swift in Sources */ = {isa = PBXBuildFile; fileRef = 1D9256C8257E70AF00E988B2 /* Locale+Extension.swift */; };
		1D9256CD257E818900E988B2 /* Float+Extension.swift in Sources */ = {isa = PBXBuildFile; fileRef = 1D9256CC257E818800E988B2 /* Float+Extension.swift */; };
		1D9256D7257F517700E988B2 /* NewPostCreateViewController.swift in Sources */ = {isa = PBXBuildFile; fileRef = 1D9256D6257F517600E988B2 /* NewPostCreateViewController.swift */; };
		1D9256DB257F518D00E988B2 /* NewPostCreateViewModel.swift in Sources */ = {isa = PBXBuildFile; fileRef = 1D9256DA257F518D00E988B2 /* NewPostCreateViewModel.swift */; };
		1D9256E0257F5D5100E988B2 /* EditPostView.swift in Sources */ = {isa = PBXBuildFile; fileRef = 1D9256DF257F5D5100E988B2 /* EditPostView.swift */; };
		1D9256ED257F635000E988B2 /* NewPost.swift in Sources */ = {isa = PBXBuildFile; fileRef = 1D9256EC257F635000E988B2 /* NewPost.swift */; };
		1D9256F1257FBB0700E988B2 /* UITextView+Styling.swift in Sources */ = {isa = PBXBuildFile; fileRef = 1D9256F0257FBB0600E988B2 /* UITextView+Styling.swift */; };
		1D93143E2577DBDF001C85C1 /* MediaUrl.swift in Sources */ = {isa = PBXBuildFile; fileRef = 1D93143D2577DBDF001C85C1 /* MediaUrl.swift */; };
		1D9E1938257897AE001960AF /* ProfileTableViewCell.swift in Sources */ = {isa = PBXBuildFile; fileRef = 1D9E1937257897AE001960AF /* ProfileTableViewCell.swift */; };
		1DD1FE05256CA55F00C598CE /* UITextField+Styling.swift in Sources */ = {isa = PBXBuildFile; fileRef = 1DD1FE04256CA55F00C598CE /* UITextField+Styling.swift */; };
		1DD1FE17256CE2E000C598CE /* SwiftRichString in Frameworks */ = {isa = PBXBuildFile; productRef = 1DD1FE16256CE2E000C598CE /* SwiftRichString */; };
		1DD1FE1D256D6F7300C598CE /* AuthenticateResponse.swift in Sources */ = {isa = PBXBuildFile; fileRef = 1DD1FE1C256D6F7300C598CE /* AuthenticateResponse.swift */; };
		1DD1FE23256DF4B700C598CE /* KeychainAccess in Frameworks */ = {isa = PBXBuildFile; productRef = 1DD1FE22256DF4B700C598CE /* KeychainAccess */; };
		1DD1FE28256E16B600C598CE /* UIButton+Extensions.swift in Sources */ = {isa = PBXBuildFile; fileRef = 1DD1FE27256E16B600C598CE /* UIButton+Extensions.swift */; };
		1DD1FE2E256E16D100C598CE /* UIImage+Extensions.swift in Sources */ = {isa = PBXBuildFile; fileRef = 1DD1FE2D256E16D100C598CE /* UIImage+Extensions.swift */; };
		1DD1FE53256E987B00C598CE /* UIImage+Assets.swift in Sources */ = {isa = PBXBuildFile; fileRef = 1DD1FE52256E987A00C598CE /* UIImage+Assets.swift */; };
		1DDEC77B256F5D1D00D65023 /* LoadMyPostsResponse.swift in Sources */ = {isa = PBXBuildFile; fileRef = 1DDEC77A256F5D1D00D65023 /* LoadMyPostsResponse.swift */; };
		1DDEC781256F6AC300D65023 /* MyPostsTableViewCell.swift in Sources */ = {isa = PBXBuildFile; fileRef = 1DDEC780256F6AC300D65023 /* MyPostsTableViewCell.swift */; };
		1DDEC785256F6BA800D65023 /* MyPostsCellViewModel.swift in Sources */ = {isa = PBXBuildFile; fileRef = 1DDEC784256F6BA800D65023 /* MyPostsCellViewModel.swift */; };
		1DE3DA2E25751F0E00A7A1F7 /* Date+Extensions.swift in Sources */ = {isa = PBXBuildFile; fileRef = 1DE3DA2D25751F0E00A7A1F7 /* Date+Extensions.swift */; };
		1DE3DA3225751FE500A7A1F7 /* DateFormatter+Extensions.swift in Sources */ = {isa = PBXBuildFile; fileRef = 1DE3DA3125751FE500A7A1F7 /* DateFormatter+Extensions.swift */; };
		1DE3DA382575506100A7A1F7 /* UIViewController+Extensions.swift in Sources */ = {isa = PBXBuildFile; fileRef = 1DE3DA372575506100A7A1F7 /* UIViewController+Extensions.swift */; };
		1DE3DA3E2575F49500A7A1F7 /* VideoPlayerView.swift in Sources */ = {isa = PBXBuildFile; fileRef = 1DE3DA3D2575F49500A7A1F7 /* VideoPlayerView.swift */; };
		1DF09730258114D8007FEE3C /* URLAPIQueryStringRequest.swift in Sources */ = {isa = PBXBuildFile; fileRef = 1DF0972F258114D8007FEE3C /* URLAPIQueryStringRequest.swift */; };
		1DF58F502574CB9300563EC2 /* PostSummaryViewModel.swift in Sources */ = {isa = PBXBuildFile; fileRef = 1DF58F4F2574CB9200563EC2 /* PostSummaryViewModel.swift */; };
/* End PBXBuildFile section */

/* Begin PBXContainerItemProxy section */
		1D34340E25624B4C00886245 /* PBXContainerItemProxy */ = {
			isa = PBXContainerItemProxy;
			containerPortal = 1D3433EF25624B4400886245 /* Project object */;
			proxyType = 1;
			remoteGlobalIDString = 1D3433F625624B4400886245;
			remoteInfo = Broadcast;
		};
/* End PBXContainerItemProxy section */

/* Begin PBXFileReference section */
		1D14AD5825790BA700CB2C82 /* ProfileSectionHeaderCell.swift */ = {isa = PBXFileReference; lastKnownFileType = sourcecode.swift; path = ProfileSectionHeaderCell.swift; sourceTree = "<group>"; };
		1D14AD662579E41E00CB2C82 /* LoadProfileResponse.swift */ = {isa = PBXFileReference; lastKnownFileType = sourcecode.swift; path = LoadProfileResponse.swift; sourceTree = "<group>"; };
		1D14AD6A257A0CFD00CB2C82 /* ProfileTextFieldTableViewCell.swift */ = {isa = PBXFileReference; lastKnownFileType = sourcecode.swift; path = ProfileTextFieldTableViewCell.swift; sourceTree = "<group>"; };
		1D14AD6E257A0F5100CB2C82 /* UITextField+Extensions.swift */ = {isa = PBXFileReference; lastKnownFileType = sourcecode.swift; path = "UITextField+Extensions.swift"; sourceTree = "<group>"; };
		1D14AD72257A16AB00CB2C82 /* ProfileInfoTableViewCell.swift */ = {isa = PBXFileReference; lastKnownFileType = sourcecode.swift; path = ProfileInfoTableViewCell.swift; sourceTree = "<group>"; };
		1D14AD76257A16BC00CB2C82 /* ProfileTrailerTableViewCell.swift */ = {isa = PBXFileReference; lastKnownFileType = sourcecode.swift; path = ProfileTrailerTableViewCell.swift; sourceTree = "<group>"; };
		1D14AD7A257AA8E800CB2C82 /* ProfileTextViewTableViewCell.swift */ = {isa = PBXFileReference; lastKnownFileType = sourcecode.swift; path = ProfileTextViewTableViewCell.swift; sourceTree = "<group>"; };
		1D2A03E425655BB1008CE2D4 /* AuthenticationUseCase.swift */ = {isa = PBXFileReference; lastKnownFileType = sourcecode.swift; path = AuthenticationUseCase.swift; sourceTree = "<group>"; };
		1D2A03E925655FFC008CE2D4 /* ProfileUseCase.swift */ = {isa = PBXFileReference; lastKnownFileType = sourcecode.swift; path = ProfileUseCase.swift; sourceTree = "<group>"; };
		1D2A03EE256561BB008CE2D4 /* PostContentUseCase.swift */ = {isa = PBXFileReference; lastKnownFileType = sourcecode.swift; path = PostContentUseCase.swift; sourceTree = "<group>"; };
		1D2A03F3256561D5008CE2D4 /* AppLifeCycleUseCase.swift */ = {isa = PBXFileReference; lastKnownFileType = sourcecode.swift; path = AppLifeCycleUseCase.swift; sourceTree = "<group>"; };
		1D2A03F8256562A1008CE2D4 /* ConnectivityUseCase.swift */ = {isa = PBXFileReference; lastKnownFileType = sourcecode.swift; path = ConnectivityUseCase.swift; sourceTree = "<group>"; };
		1D2A03FD25656C03008CE2D4 /* AppState.swift */ = {isa = PBXFileReference; lastKnownFileType = sourcecode.swift; path = AppState.swift; sourceTree = "<group>"; };
		1D2A04082565761B008CE2D4 /* ConnectionState.swift */ = {isa = PBXFileReference; lastKnownFileType = sourcecode.swift; path = ConnectionState.swift; sourceTree = "<group>"; };
		1D2A041F256582A0008CE2D4 /* Router.swift */ = {isa = PBXFileReference; lastKnownFileType = sourcecode.swift; path = Router.swift; sourceTree = "<group>"; };
		1D2A042425658367008CE2D4 /* Route.swift */ = {isa = PBXFileReference; lastKnownFileType = sourcecode.swift; path = Route.swift; sourceTree = "<group>"; };
		1D2A0429256583E8008CE2D4 /* UIViewController+Routing.swift */ = {isa = PBXFileReference; lastKnownFileType = sourcecode.swift; path = "UIViewController+Routing.swift"; sourceTree = "<group>"; };
		1D2A042E2565847B008CE2D4 /* LoginViewController.swift */ = {isa = PBXFileReference; lastKnownFileType = sourcecode.swift; path = LoginViewController.swift; sourceTree = "<group>"; };
		1D2A043325658484008CE2D4 /* LoginViewModel.swift */ = {isa = PBXFileReference; lastKnownFileType = sourcecode.swift; path = LoginViewModel.swift; sourceTree = "<group>"; };
		1D2CAA1A2577739700A54AE5 /* Style+Styling.swift */ = {isa = PBXFileReference; lastKnownFileType = sourcecode.swift; path = "Style+Styling.swift"; sourceTree = "<group>"; };
		1D3433F725624B4400886245 /* Broadcast.app */ = {isa = PBXFileReference; explicitFileType = wrapper.application; includeInIndex = 0; path = Broadcast.app; sourceTree = BUILT_PRODUCTS_DIR; };
		1D3433FA25624B4400886245 /* AppDelegate.swift */ = {isa = PBXFileReference; lastKnownFileType = sourcecode.swift; path = AppDelegate.swift; sourceTree = "<group>"; };
		1D3433FC25624B4400886245 /* SceneDelegate.swift */ = {isa = PBXFileReference; lastKnownFileType = sourcecode.swift; path = SceneDelegate.swift; sourceTree = "<group>"; };
		1D34340325624B4C00886245 /* Assets.xcassets */ = {isa = PBXFileReference; lastKnownFileType = folder.assetcatalog; path = Assets.xcassets; sourceTree = "<group>"; };
		1D34340625624B4C00886245 /* Base */ = {isa = PBXFileReference; lastKnownFileType = file.storyboard; name = Base; path = Base.lproj/LaunchScreen.storyboard; sourceTree = "<group>"; };
		1D34340825624B4C00886245 /* Info.plist */ = {isa = PBXFileReference; lastKnownFileType = text.plist.xml; path = Info.plist; sourceTree = "<group>"; };
		1D34340D25624B4C00886245 /* BroadcastTests.xctest */ = {isa = PBXFileReference; explicitFileType = wrapper.cfbundle; includeInIndex = 0; path = BroadcastTests.xctest; sourceTree = BUILT_PRODUCTS_DIR; };
		1D34341125624B4C00886245 /* BroadcastTests.swift */ = {isa = PBXFileReference; lastKnownFileType = sourcecode.swift; path = BroadcastTests.swift; sourceTree = "<group>"; };
		1D34341325624B4C00886245 /* Info.plist */ = {isa = PBXFileReference; lastKnownFileType = text.plist.xml; path = Info.plist; sourceTree = "<group>"; };
		1D34341C25624B4C00886245 /* BroadcastUITests.swift */ = {isa = PBXFileReference; lastKnownFileType = sourcecode.swift; path = BroadcastUITests.swift; sourceTree = "<group>"; };
		1D34341E25624B4C00886245 /* Info.plist */ = {isa = PBXFileReference; lastKnownFileType = text.plist.xml; path = Info.plist; sourceTree = "<group>"; };
		1D3B29F525641BAF001874FD /* MainViewController.swift */ = {isa = PBXFileReference; lastKnownFileType = sourcecode.swift; path = MainViewController.swift; sourceTree = "<group>"; };
		1D3B29FA25641C3A001874FD /* MainViewModel.swift */ = {isa = PBXFileReference; lastKnownFileType = sourcecode.swift; path = MainViewModel.swift; sourceTree = "<group>"; };
		1D3B29FF2564CF7E001874FD /* AuthenticationService.swift */ = {isa = PBXFileReference; lastKnownFileType = sourcecode.swift; path = AuthenticationService.swift; sourceTree = "<group>"; };
		1D3B2A0C2564D0EA001874FD /* LocalAuthenticationService.swift */ = {isa = PBXFileReference; lastKnownFileType = sourcecode.swift; path = LocalAuthenticationService.swift; sourceTree = "<group>"; };
		1D3B2A112564D1F0001874FD /* Services.swift */ = {isa = PBXFileReference; lastKnownFileType = sourcecode.swift; path = Services.swift; sourceTree = "<group>"; };
		1D3B2A1B2564D411001874FD /* CredentialsService.swift */ = {isa = PBXFileReference; lastKnownFileType = sourcecode.swift; path = CredentialsService.swift; sourceTree = "<group>"; };
		1D3B2A202564D76C001874FD /* StandardCredentialsService.swift */ = {isa = PBXFileReference; lastKnownFileType = sourcecode.swift; path = StandardCredentialsService.swift; sourceTree = "<group>"; };
		1D3B2A252564E6F1001874FD /* UploadService.swift */ = {isa = PBXFileReference; lastKnownFileType = sourcecode.swift; path = UploadService.swift; sourceTree = "<group>"; };
		1D3B2A2B2564E7A5001874FD /* LocalUploadService.swift */ = {isa = PBXFileReference; lastKnownFileType = sourcecode.swift; path = LocalUploadService.swift; sourceTree = "<group>"; };
		1D3B2A332564E7AF001874FD /* StandardUploadService.swift */ = {isa = PBXFileReference; lastKnownFileType = sourcecode.swift; path = StandardUploadService.swift; sourceTree = "<group>"; };
		1D3B2A382564F0D4001874FD /* PersistanceService.swift */ = {isa = PBXFileReference; lastKnownFileType = sourcecode.swift; path = PersistanceService.swift; sourceTree = "<group>"; };
		1D3B2A3D2564F21E001874FD /* APIService.swift */ = {isa = PBXFileReference; lastKnownFileType = sourcecode.swift; path = APIService.swift; sourceTree = "<group>"; };
		1D3B2A422564F22F001874FD /* LocalAPIService.swift */ = {isa = PBXFileReference; lastKnownFileType = sourcecode.swift; path = LocalAPIService.swift; sourceTree = "<group>"; };
		1D3B2A472564F238001874FD /* StandardAPIService.swift */ = {isa = PBXFileReference; lastKnownFileType = sourcecode.swift; path = StandardAPIService.swift; sourceTree = "<group>"; };
		1D3ED5F425663504004236BB /* UIButton+Styling.swift */ = {isa = PBXFileReference; lastKnownFileType = sourcecode.swift; path = "UIButton+Styling.swift"; sourceTree = "<group>"; };
		1D3ED5F925663512004236BB /* UIFont+Styling.swift */ = {isa = PBXFileReference; lastKnownFileType = sourcecode.swift; path = "UIFont+Styling.swift"; sourceTree = "<group>"; };
		1D3ED5FE25663521004236BB /* UIColor+Styling.swift */ = {isa = PBXFileReference; lastKnownFileType = sourcecode.swift; path = "UIColor+Styling.swift"; sourceTree = "<group>"; };
		1D3ED60325663AAD004236BB /* UINavigationController+Routing.swift */ = {isa = PBXFileReference; lastKnownFileType = sourcecode.swift; path = "UINavigationController+Routing.swift"; sourceTree = "<group>"; };
		1D3F71C1256FFC0B00DE7F05 /* UILabel+Styling.swift */ = {isa = PBXFileReference; lastKnownFileType = sourcecode.swift; path = "UILabel+Styling.swift"; sourceTree = "<group>"; };
		1D3F71C5257006D100DE7F05 /* PostSummaryView.swift */ = {isa = PBXFileReference; lastKnownFileType = sourcecode.swift; path = PostSummaryView.swift; sourceTree = "<group>"; };
		1D3F71C92570082800DE7F05 /* PostStatsView.swift */ = {isa = PBXFileReference; lastKnownFileType = sourcecode.swift; path = PostStatsView.swift; sourceTree = "<group>"; };
		1D3F71CF257016D000DE7F05 /* ProcessingView.swift */ = {isa = PBXFileReference; lastKnownFileType = sourcecode.swift; path = ProcessingView.swift; sourceTree = "<group>"; };
		1D3F71D32570184500DE7F05 /* SpinnerView.swift */ = {isa = PBXFileReference; lastKnownFileType = sourcecode.swift; path = SpinnerView.swift; sourceTree = "<group>"; };
		1D3F71D72571205200DE7F05 /* LocalizedString.swift */ = {isa = PBXFileReference; lastKnownFileType = sourcecode.swift; path = LocalizedString.swift; sourceTree = "<group>"; };
		1D3F71E32571244900DE7F05 /* en */ = {isa = PBXFileReference; lastKnownFileType = text.plist.strings; name = en; path = en.lproj/Localizable.strings; sourceTree = "<group>"; };
		1D3F71E72571294F00DE7F05 /* String+Extensions.swift */ = {isa = PBXFileReference; lastKnownFileType = sourcecode.swift; path = "String+Extensions.swift"; sourceTree = "<group>"; };
		1D3F72252571634D00DE7F05 /* RxTableViewSectionedReloadDataSource+Extensions.swift */ = {isa = PBXFileReference; lastKnownFileType = sourcecode.swift; path = "RxTableViewSectionedReloadDataSource+Extensions.swift"; sourceTree = "<group>"; };
		1D419B9E258083450096FBB7 /* Dictionary+Extensions.swift */ = {isa = PBXFileReference; lastKnownFileType = sourcecode.swift; path = "Dictionary+Extensions.swift"; sourceTree = "<group>"; };
		1D5CF0C22577CF50008F8C22 /* MediaPickerAdapter.swift */ = {isa = PBXFileReference; lastKnownFileType = sourcecode.swift; path = MediaPickerAdapter.swift; sourceTree = "<group>"; };
		1D6FCD7E2581B8490062FF54 /* Single+Extension.swift */ = {isa = PBXFileReference; lastKnownFileType = sourcecode.swift; path = "Single+Extension.swift"; sourceTree = "<group>"; };
		1D7127FA257883A80065B8EA /* ProfileDetailViewController.swift */ = {isa = PBXFileReference; lastKnownFileType = sourcecode.swift; path = ProfileDetailViewController.swift; sourceTree = "<group>"; };
		1D7127FE2578900F0065B8EA /* ProfileDetailViewModel.swift */ = {isa = PBXFileReference; lastKnownFileType = sourcecode.swift; path = ProfileDetailViewModel.swift; sourceTree = "<group>"; };
		1D712802257890440065B8EA /* ProfileStripeAccountViewModel.swift */ = {isa = PBXFileReference; lastKnownFileType = sourcecode.swift; path = ProfileStripeAccountViewModel.swift; sourceTree = "<group>"; };
		1D712803257890440065B8EA /* ProfileStripeAccountViewController.swift */ = {isa = PBXFileReference; lastKnownFileType = sourcecode.swift; path = ProfileStripeAccountViewController.swift; sourceTree = "<group>"; };
		1D87DF4825683535000652D6 /* EditProfileViewController.swift */ = {isa = PBXFileReference; lastKnownFileType = sourcecode.swift; path = EditProfileViewController.swift; sourceTree = "<group>"; };
		1D87DF4D2568353F000652D6 /* EditProfileViewModel.swift */ = {isa = PBXFileReference; lastKnownFileType = sourcecode.swift; path = EditProfileViewModel.swift; sourceTree = "<group>"; };
		1D87DF522568367E000652D6 /* MyPostsViewController.swift */ = {isa = PBXFileReference; lastKnownFileType = sourcecode.swift; path = MyPostsViewController.swift; sourceTree = "<group>"; };
		1D87DF572568368A000652D6 /* MyPostsViewModel.swift */ = {isa = PBXFileReference; lastKnownFileType = sourcecode.swift; path = MyPostsViewModel.swift; sourceTree = "<group>"; };
		1D87DF6F25683863000652D6 /* NewPostGuideViewController.swift */ = {isa = PBXFileReference; lastKnownFileType = sourcecode.swift; path = NewPostGuideViewController.swift; sourceTree = "<group>"; };
		1D87DF742568387B000652D6 /* NewPostGuideViewModel.swift */ = {isa = PBXFileReference; lastKnownFileType = sourcecode.swift; path = NewPostGuideViewModel.swift; sourceTree = "<group>"; };
		1D87DF83256839C9000652D6 /* PostDetailViewController.swift */ = {isa = PBXFileReference; lastKnownFileType = sourcecode.swift; path = PostDetailViewController.swift; sourceTree = "<group>"; };
		1D87DF8825683AC1000652D6 /* PostDetailViewModel.swift */ = {isa = PBXFileReference; lastKnownFileType = sourcecode.swift; path = PostDetailViewModel.swift; sourceTree = "<group>"; };
		1D87DF9225683B3E000652D6 /* ProfileViewController.swift */ = {isa = PBXFileReference; lastKnownFileType = sourcecode.swift; path = ProfileViewController.swift; sourceTree = "<group>"; };
		1D87DF9A25683B53000652D6 /* ProfileViewModel.swift */ = {isa = PBXFileReference; lastKnownFileType = sourcecode.swift; path = ProfileViewModel.swift; sourceTree = "<group>"; };
		1D916D0925629C080059E549 /* ViewModel.swift */ = {isa = PBXFileReference; lastKnownFileType = sourcecode.swift; path = ViewModel.swift; sourceTree = "<group>"; };
		1D916D1125629C1E0059E549 /* ViewController.swift */ = {isa = PBXFileReference; lastKnownFileType = sourcecode.swift; path = ViewController.swift; sourceTree = "<group>"; };
		1D916D332562A4CF0059E549 /* State.swift */ = {isa = PBXFileReference; lastKnownFileType = sourcecode.swift; path = State.swift; sourceTree = "<group>"; };
		1D916D382562A4D90059E549 /* StateController.swift */ = {isa = PBXFileReference; lastKnownFileType = sourcecode.swift; path = StateController.swift; sourceTree = "<group>"; };
		1D916D432562A7180059E549 /* UseCases.swift */ = {isa = PBXFileReference; lastKnownFileType = sourcecode.swift; path = UseCases.swift; sourceTree = "<group>"; };
		1D916D582562C2920059E549 /* Schedulers.swift */ = {isa = PBXFileReference; lastKnownFileType = sourcecode.swift; path = Schedulers.swift; sourceTree = "<group>"; };
		1D916D5E2562C3870059E549 /* BoomdayError.swift */ = {isa = PBXFileReference; lastKnownFileType = sourcecode.swift; path = BoomdayError.swift; sourceTree = "<group>"; };
		1D916D662562C7500059E549 /* Domain.swift */ = {isa = PBXFileReference; lastKnownFileType = sourcecode.swift; path = Domain.swift; sourceTree = "<group>"; };
		1D916D6E2563F5240059E549 /* KeyboardEventsAdapter.swift */ = {isa = PBXFileReference; lastKnownFileType = sourcecode.swift; path = KeyboardEventsAdapter.swift; sourceTree = "<group>"; };
		1D916D82256403F70059E549 /* Post.swift */ = {isa = PBXFileReference; lastKnownFileType = sourcecode.swift; path = Post.swift; sourceTree = "<group>"; };
		1D916D87256404190059E549 /* AuthenticationState.swift */ = {isa = PBXFileReference; lastKnownFileType = sourcecode.swift; path = AuthenticationState.swift; sourceTree = "<group>"; };
		1D916D8C256404ED0059E549 /* Profile.swift */ = {isa = PBXFileReference; lastKnownFileType = sourcecode.swift; path = Profile.swift; sourceTree = "<group>"; };
		1D916D92256406B10059E549 /* Configuration.swift */ = {isa = PBXFileReference; lastKnownFileType = sourcecode.swift; path = Configuration.swift; sourceTree = "<group>"; };
		1D916D97256408CC0059E549 /* Logger.swift */ = {isa = PBXFileReference; lastKnownFileType = sourcecode.swift; path = Logger.swift; sourceTree = "<group>"; };
		1D916DA325640C810059E549 /* Development.xcconfig */ = {isa = PBXFileReference; fileEncoding = 4; lastKnownFileType = text.xcconfig; path = Development.xcconfig; sourceTree = "<group>"; };
		1D916DA425640C810059E549 /* Production.xcconfig */ = {isa = PBXFileReference; fileEncoding = 4; lastKnownFileType = text.xcconfig; path = Production.xcconfig; sourceTree = "<group>"; };
		1D916DA525640C810059E549 /* Staging.xcconfig */ = {isa = PBXFileReference; fileEncoding = 4; lastKnownFileType = text.xcconfig; path = Staging.xcconfig; sourceTree = "<group>"; };
		1D91A0CB256C1B8E0043A943 /* UIStackView+Extensions.swift */ = {isa = PBXFileReference; lastKnownFileType = sourcecode.swift; path = "UIStackView+Extensions.swift"; sourceTree = "<group>"; };
		1D91A0D1256C1DD60043A943 /* DismissableLabel.swift */ = {isa = PBXFileReference; lastKnownFileType = sourcecode.swift; path = DismissableLabel.swift; sourceTree = "<group>"; };
		1D9256C4257E6A3200E988B2 /* AccountInfoTableViewCell.swift */ = {isa = PBXFileReference; lastKnownFileType = sourcecode.swift; path = AccountInfoTableViewCell.swift; sourceTree = "<group>"; };
		1D9256C8257E70AF00E988B2 /* Locale+Extension.swift */ = {isa = PBXFileReference; lastKnownFileType = sourcecode.swift; path = "Locale+Extension.swift"; sourceTree = "<group>"; };
		1D9256CC257E818800E988B2 /* Float+Extension.swift */ = {isa = PBXFileReference; lastKnownFileType = sourcecode.swift; path = "Float+Extension.swift"; sourceTree = "<group>"; };
		1D9256D6257F517600E988B2 /* NewPostCreateViewController.swift */ = {isa = PBXFileReference; lastKnownFileType = sourcecode.swift; path = NewPostCreateViewController.swift; sourceTree = "<group>"; };
		1D9256DA257F518D00E988B2 /* NewPostCreateViewModel.swift */ = {isa = PBXFileReference; lastKnownFileType = sourcecode.swift; path = NewPostCreateViewModel.swift; sourceTree = "<group>"; };
		1D9256DF257F5D5100E988B2 /* EditPostView.swift */ = {isa = PBXFileReference; lastKnownFileType = sourcecode.swift; path = EditPostView.swift; sourceTree = "<group>"; };
		1D9256EC257F635000E988B2 /* NewPost.swift */ = {isa = PBXFileReference; lastKnownFileType = sourcecode.swift; path = NewPost.swift; sourceTree = "<group>"; };
		1D9256F0257FBB0600E988B2 /* UITextView+Styling.swift */ = {isa = PBXFileReference; lastKnownFileType = sourcecode.swift; path = "UITextView+Styling.swift"; sourceTree = "<group>"; };
		1D93143D2577DBDF001C85C1 /* MediaUrl.swift */ = {isa = PBXFileReference; lastKnownFileType = sourcecode.swift; path = MediaUrl.swift; sourceTree = "<group>"; };
		1D9314442577E991001C85C1 /* MobileCoreServices.framework */ = {isa = PBXFileReference; lastKnownFileType = wrapper.framework; name = MobileCoreServices.framework; path = System/Library/Frameworks/MobileCoreServices.framework; sourceTree = SDKROOT; };
		1D9E1937257897AE001960AF /* ProfileTableViewCell.swift */ = {isa = PBXFileReference; lastKnownFileType = sourcecode.swift; path = ProfileTableViewCell.swift; sourceTree = "<group>"; };
		1DD1FE04256CA55F00C598CE /* UITextField+Styling.swift */ = {isa = PBXFileReference; lastKnownFileType = sourcecode.swift; path = "UITextField+Styling.swift"; sourceTree = "<group>"; };
		1DD1FE1C256D6F7300C598CE /* AuthenticateResponse.swift */ = {isa = PBXFileReference; lastKnownFileType = sourcecode.swift; path = AuthenticateResponse.swift; sourceTree = "<group>"; };
		1DD1FE27256E16B600C598CE /* UIButton+Extensions.swift */ = {isa = PBXFileReference; lastKnownFileType = sourcecode.swift; path = "UIButton+Extensions.swift"; sourceTree = "<group>"; };
		1DD1FE2D256E16D100C598CE /* UIImage+Extensions.swift */ = {isa = PBXFileReference; lastKnownFileType = sourcecode.swift; path = "UIImage+Extensions.swift"; sourceTree = "<group>"; };
		1DD1FE52256E987A00C598CE /* UIImage+Assets.swift */ = {isa = PBXFileReference; lastKnownFileType = sourcecode.swift; path = "UIImage+Assets.swift"; sourceTree = "<group>"; };
		1DDEC77A256F5D1D00D65023 /* LoadMyPostsResponse.swift */ = {isa = PBXFileReference; lastKnownFileType = sourcecode.swift; path = LoadMyPostsResponse.swift; sourceTree = "<group>"; };
		1DDEC780256F6AC300D65023 /* MyPostsTableViewCell.swift */ = {isa = PBXFileReference; lastKnownFileType = sourcecode.swift; path = MyPostsTableViewCell.swift; sourceTree = "<group>"; };
		1DDEC784256F6BA800D65023 /* MyPostsCellViewModel.swift */ = {isa = PBXFileReference; lastKnownFileType = sourcecode.swift; path = MyPostsCellViewModel.swift; sourceTree = "<group>"; };
		1DE3DA2D25751F0E00A7A1F7 /* Date+Extensions.swift */ = {isa = PBXFileReference; lastKnownFileType = sourcecode.swift; path = "Date+Extensions.swift"; sourceTree = "<group>"; };
		1DE3DA3125751FE500A7A1F7 /* DateFormatter+Extensions.swift */ = {isa = PBXFileReference; lastKnownFileType = sourcecode.swift; path = "DateFormatter+Extensions.swift"; sourceTree = "<group>"; };
		1DE3DA372575506100A7A1F7 /* UIViewController+Extensions.swift */ = {isa = PBXFileReference; lastKnownFileType = sourcecode.swift; path = "UIViewController+Extensions.swift"; sourceTree = "<group>"; };
		1DE3DA3D2575F49500A7A1F7 /* VideoPlayerView.swift */ = {isa = PBXFileReference; lastKnownFileType = sourcecode.swift; path = VideoPlayerView.swift; sourceTree = "<group>"; };
		1DF0972F258114D8007FEE3C /* URLAPIQueryStringRequest.swift */ = {isa = PBXFileReference; lastKnownFileType = sourcecode.swift; path = URLAPIQueryStringRequest.swift; sourceTree = "<group>"; };
		1DF58F4F2574CB9200563EC2 /* PostSummaryViewModel.swift */ = {isa = PBXFileReference; lastKnownFileType = sourcecode.swift; path = PostSummaryViewModel.swift; sourceTree = "<group>"; };
/* End PBXFileReference section */

/* Begin PBXFrameworksBuildPhase section */
		1D3433F425624B4400886245 /* Frameworks */ = {
			isa = PBXFrameworksBuildPhase;
			buildActionMask = 2147483647;
			files = (
				1D916D9E25640C430059E549 /* SDWebImage in Frameworks */,
				1D916D202562A1180059E549 /* Alamofire in Frameworks */,
				1DD1FE17256CE2E000C598CE /* SwiftRichString in Frameworks */,
				1D916D1A25629EBF0059E549 /* RxCocoa in Frameworks */,
				1DD1FE23256DF4B700C598CE /* KeychainAccess in Frameworks */,
				1D916D1825629EBF0059E549 /* RxSwift in Frameworks */,
				1D3F71EF2571516600DE7F05 /* Differentiator in Frameworks */,
				1D3F71ED2571516600DE7F05 /* RxDataSources in Frameworks */,
				1D916D2C2562A2840059E549 /* RxAlamofire in Frameworks */,
				1D916D262562A16D0059E549 /* TinyConstraints in Frameworks */,
			);
			runOnlyForDeploymentPostprocessing = 0;
		};
		1D34340A25624B4C00886245 /* Frameworks */ = {
			isa = PBXFrameworksBuildPhase;
			buildActionMask = 2147483647;
			files = (
			);
			runOnlyForDeploymentPostprocessing = 0;
		};
/* End PBXFrameworksBuildPhase section */

/* Begin PBXGroup section */
		1D3433EE25624B4400886245 = {
			isa = PBXGroup;
			children = (
				1D3433F925624B4400886245 /* Broadcast */,
				1D34341025624B4C00886245 /* BroadcastTests */,
				1D34341B25624B4C00886245 /* BroadcastUITests */,
				1D3433F825624B4400886245 /* Products */,
				1D9314432577E990001C85C1 /* Frameworks */,
			);
			sourceTree = "<group>";
		};
		1D3433F825624B4400886245 /* Products */ = {
			isa = PBXGroup;
			children = (
				1D3433F725624B4400886245 /* Broadcast.app */,
				1D34340D25624B4C00886245 /* BroadcastTests.xctest */,
			);
			name = Products;
			sourceTree = "<group>";
		};
		1D3433F925624B4400886245 /* Broadcast */ = {
			isa = PBXGroup;
			children = (
				1D916D4B2562A8170059E549 /* Assets */,
				1D916D4A2562A80B0059E549 /* App */,
				1D916DA225640C720059E549 /* Configuration */,
				1D916D0625629A9C0059E549 /* Domain */,
				1D916D0425629A800059E549 /* Presentation */,
				1D916D0825629BCA0059E549 /* Services */,
				1D916D0525629A970059E549 /* Utilities */,
			);
			path = Broadcast;
			sourceTree = "<group>";
		};
		1D34341025624B4C00886245 /* BroadcastTests */ = {
			isa = PBXGroup;
			children = (
				1D34341125624B4C00886245 /* BroadcastTests.swift */,
				1D34341325624B4C00886245 /* Info.plist */,
			);
			path = BroadcastTests;
			sourceTree = "<group>";
		};
		1D34341B25624B4C00886245 /* BroadcastUITests */ = {
			isa = PBXGroup;
			children = (
				1D34341C25624B4C00886245 /* BroadcastUITests.swift */,
				1D34341E25624B4C00886245 /* Info.plist */,
			);
			path = BroadcastUITests;
			sourceTree = "<group>";
		};
		1D3B2A042564CF86001874FD /* Authentication */ = {
			isa = PBXGroup;
			children = (
				1D3B29FF2564CF7E001874FD /* AuthenticationService.swift */,
				1D3B2A0C2564D0EA001874FD /* LocalAuthenticationService.swift */,
			);
			path = Authentication;
			sourceTree = "<group>";
		};
		1D3B2A052564CF92001874FD /* API */ = {
			isa = PBXGroup;
			children = (
				1D3B2A3D2564F21E001874FD /* APIService.swift */,
				1D3B2A422564F22F001874FD /* LocalAPIService.swift */,
				1D3B2A472564F238001874FD /* StandardAPIService.swift */,
			);
			path = API;
			sourceTree = "<group>";
		};
		1D3B2A062564CF99001874FD /* Persistence */ = {
			isa = PBXGroup;
			children = (
				1D3B2A382564F0D4001874FD /* PersistanceService.swift */,
			);
			path = Persistence;
			sourceTree = "<group>";
		};
		1D3B2A072564CFB1001874FD /* Uploader */ = {
			isa = PBXGroup;
			children = (
				1D3B2A252564E6F1001874FD /* UploadService.swift */,
				1D3B2A2B2564E7A5001874FD /* LocalUploadService.swift */,
				1D3B2A332564E7AF001874FD /* StandardUploadService.swift */,
			);
			path = Uploader;
			sourceTree = "<group>";
		};
		1D3B2A082564CFD2001874FD /* Credentials */ = {
			isa = PBXGroup;
			children = (
				1D3B2A1B2564D411001874FD /* CredentialsService.swift */,
				1D3B2A202564D76C001874FD /* StandardCredentialsService.swift */,
			);
			path = Credentials;
			sourceTree = "<group>";
		};
		1D3F71DB257123B600DE7F05 /* Strings */ = {
			isa = PBXGroup;
			children = (
				1D3F71E42571244900DE7F05 /* Localizable.strings */,
			);
			path = Strings;
			sourceTree = "<group>";
		};
		1D87DF3A2568313E000652D6 /* My Posts */ = {
			isa = PBXGroup;
			children = (
				1D87DF522568367E000652D6 /* MyPostsViewController.swift */,
				1D87DF572568368A000652D6 /* MyPostsViewModel.swift */,
				1D9E193B257897C7001960AF /* Views */,
			);
			path = "My Posts";
			sourceTree = "<group>";
		};
		1D87DF3B25683330000652D6 /* Edit Profile */ = {
			isa = PBXGroup;
			children = (
				1D87DF4825683535000652D6 /* EditProfileViewController.swift */,
				1D87DF4D2568353F000652D6 /* EditProfileViewModel.swift */,
			);
			path = "Edit Profile";
			sourceTree = "<group>";
		};
		1D87DF3C25683347000652D6 /* Post Detail */ = {
			isa = PBXGroup;
			children = (
				1D87DF83256839C9000652D6 /* PostDetailViewController.swift */,
				1D87DF8825683AC1000652D6 /* PostDetailViewModel.swift */,
				1D9256DE257F5CEB00E988B2 /* Views */,
			);
			path = "Post Detail";
			sourceTree = "<group>";
		};
		1D87DF3D25683479000652D6 /* New Post */ = {
			isa = PBXGroup;
			children = (
				1D87DF6F25683863000652D6 /* NewPostGuideViewController.swift */,
				1D87DF742568387B000652D6 /* NewPostGuideViewModel.swift */,
				1D9256D6257F517600E988B2 /* NewPostCreateViewController.swift */,
				1D9256DA257F518D00E988B2 /* NewPostCreateViewModel.swift */,
			);
			path = "New Post";
			sourceTree = "<group>";
		};
		1D916D0425629A800059E549 /* Presentation */ = {
			isa = PBXGroup;
			children = (
				1D916D0925629C080059E549 /* ViewModel.swift */,
				1D916D1125629C1E0059E549 /* ViewController.swift */,
				1DD1FE51256E985D00C598CE /* Asset Management */,
				1D91A0D0256C1DBD0043A943 /* CustomViews */,
				1D87DF3B25683330000652D6 /* Edit Profile */,
				1D916D7E256400530059E549 /* Login */,
				1D916D7F2564006C0059E549 /* Main */,
				1D87DF3A2568313E000652D6 /* My Posts */,
				1D87DF3D25683479000652D6 /* New Post */,
				1D87DF3C25683347000652D6 /* Post Detail */,
				1D916D81256400D50059E549 /* Profile */,
				1D916D7D2563FF660059E549 /* Router */,
				1D916D7C2563F95A0059E549 /* Styling */,
			);
			path = Presentation;
			sourceTree = "<group>";
		};
		1D916D0525629A970059E549 /* Utilities */ = {
			isa = PBXGroup;
			children = (
				1DD1FE2C256E16BF00C598CE /* Extensions */,
				1D916D582562C2920059E549 /* Schedulers.swift */,
				1D916D6E2563F5240059E549 /* KeyboardEventsAdapter.swift */,
				1D916D97256408CC0059E549 /* Logger.swift */,
				1D3F71D72571205200DE7F05 /* LocalizedString.swift */,
				1D5CF0C22577CF50008F8C22 /* MediaPickerAdapter.swift */,
				1DF0972F258114D8007FEE3C /* URLAPIQueryStringRequest.swift */,
			);
			path = Utilities;
			sourceTree = "<group>";
		};
		1D916D0625629A9C0059E549 /* Domain */ = {
			isa = PBXGroup;
			children = (
				1D916D662562C7500059E549 /* Domain.swift */,
				1D916D332562A4CF0059E549 /* State.swift */,
				1D916D382562A4D90059E549 /* StateController.swift */,
				1D916D432562A7180059E549 /* UseCases.swift */,
				1D916D492562A7CE0059E549 /* State */,
				1D916D482562A7200059E549 /* UseCases */,
			);
			path = Domain;
			sourceTree = "<group>";
		};
		1D916D0825629BCA0059E549 /* Services */ = {
			isa = PBXGroup;
			children = (
				1D9256EB257F633100E988B2 /* Requests */,
				1DD1FE1B256D6F5500C598CE /* Responses */,
				1D3B2A112564D1F0001874FD /* Services.swift */,
				1D3B2A052564CF92001874FD /* API */,
				1D3B2A042564CF86001874FD /* Authentication */,
				1D3B2A082564CFD2001874FD /* Credentials */,
				1D3B2A062564CF99001874FD /* Persistence */,
				1D3B2A072564CFB1001874FD /* Uploader */,
			);
			path = Services;
			sourceTree = "<group>";
		};
		1D916D482562A7200059E549 /* UseCases */ = {
			isa = PBXGroup;
			children = (
				1D2A03E425655BB1008CE2D4 /* AuthenticationUseCase.swift */,
				1D2A03E925655FFC008CE2D4 /* ProfileUseCase.swift */,
				1D2A03EE256561BB008CE2D4 /* PostContentUseCase.swift */,
				1D2A03F3256561D5008CE2D4 /* AppLifeCycleUseCase.swift */,
				1D2A03F8256562A1008CE2D4 /* ConnectivityUseCase.swift */,
			);
			path = UseCases;
			sourceTree = "<group>";
		};
		1D916D492562A7CE0059E549 /* State */ = {
			isa = PBXGroup;
			children = (
				1D916D5E2562C3870059E549 /* BoomdayError.swift */,
				1D916D82256403F70059E549 /* Post.swift */,
				1D916D87256404190059E549 /* AuthenticationState.swift */,
				1D916D8C256404ED0059E549 /* Profile.swift */,
				1D2A03FD25656C03008CE2D4 /* AppState.swift */,
				1D2A04082565761B008CE2D4 /* ConnectionState.swift */,
				1D93143D2577DBDF001C85C1 /* MediaUrl.swift */,
				1D9256EC257F635000E988B2 /* NewPost.swift */,
			);
			path = State;
			sourceTree = "<group>";
		};
		1D916D4A2562A80B0059E549 /* App */ = {
			isa = PBXGroup;
			children = (
				1D3433FA25624B4400886245 /* AppDelegate.swift */,
				1D3433FC25624B4400886245 /* SceneDelegate.swift */,
			);
			path = App;
			sourceTree = "<group>";
		};
		1D916D4B2562A8170059E549 /* Assets */ = {
			isa = PBXGroup;
			children = (
				1D3F71DB257123B600DE7F05 /* Strings */,
				1D34340825624B4C00886245 /* Info.plist */,
				1D34340525624B4C00886245 /* LaunchScreen.storyboard */,
				1D34340325624B4C00886245 /* Assets.xcassets */,
			);
			path = Assets;
			sourceTree = "<group>";
		};
		1D916D7C2563F95A0059E549 /* Styling */ = {
			isa = PBXGroup;
			children = (
				1D3ED5F425663504004236BB /* UIButton+Styling.swift */,
				1D3ED5F925663512004236BB /* UIFont+Styling.swift */,
				1D3ED5FE25663521004236BB /* UIColor+Styling.swift */,
				1DD1FE04256CA55F00C598CE /* UITextField+Styling.swift */,
				1D3F71C1256FFC0B00DE7F05 /* UILabel+Styling.swift */,
				1D2CAA1A2577739700A54AE5 /* Style+Styling.swift */,
				1D9256F0257FBB0600E988B2 /* UITextView+Styling.swift */,
			);
			path = Styling;
			sourceTree = "<group>";
		};
		1D916D7D2563FF660059E549 /* Router */ = {
			isa = PBXGroup;
			children = (
				1D2A041F256582A0008CE2D4 /* Router.swift */,
				1D2A042425658367008CE2D4 /* Route.swift */,
				1D2A0429256583E8008CE2D4 /* UIViewController+Routing.swift */,
				1D3ED60325663AAD004236BB /* UINavigationController+Routing.swift */,
			);
			path = Router;
			sourceTree = "<group>";
		};
		1D916D7E256400530059E549 /* Login */ = {
			isa = PBXGroup;
			children = (
				1D2A042E2565847B008CE2D4 /* LoginViewController.swift */,
				1D2A043325658484008CE2D4 /* LoginViewModel.swift */,
			);
			path = Login;
			sourceTree = "<group>";
		};
		1D916D7F2564006C0059E549 /* Main */ = {
			isa = PBXGroup;
			children = (
				1D3B29F525641BAF001874FD /* MainViewController.swift */,
				1D3B29FA25641C3A001874FD /* MainViewModel.swift */,
			);
			path = Main;
			sourceTree = "<group>";
		};
		1D916D81256400D50059E549 /* Profile */ = {
			isa = PBXGroup;
			children = (
				1D7127FA257883A80065B8EA /* ProfileDetailViewController.swift */,
				1D7127FE2578900F0065B8EA /* ProfileDetailViewModel.swift */,
				1D712803257890440065B8EA /* ProfileStripeAccountViewController.swift */,
				1D712802257890440065B8EA /* ProfileStripeAccountViewModel.swift */,
				1D87DF9225683B3E000652D6 /* ProfileViewController.swift */,
				1D87DF9A25683B53000652D6 /* ProfileViewModel.swift */,
				1D9E193C257897D2001960AF /* Views */,
			);
			path = Profile;
			sourceTree = "<group>";
		};
		1D916DA225640C720059E549 /* Configuration */ = {
			isa = PBXGroup;
			children = (
				1D916D92256406B10059E549 /* Configuration.swift */,
				1D916DA325640C810059E549 /* Development.xcconfig */,
				1D916DA425640C810059E549 /* Production.xcconfig */,
				1D916DA525640C810059E549 /* Staging.xcconfig */,
			);
			path = Configuration;
			sourceTree = "<group>";
		};
		1D91A0D0256C1DBD0043A943 /* CustomViews */ = {
			isa = PBXGroup;
			children = (
				1D91A0D1256C1DD60043A943 /* DismissableLabel.swift */,
				1D3F71C5257006D100DE7F05 /* PostSummaryView.swift */,
				1D3F71C92570082800DE7F05 /* PostStatsView.swift */,
				1D3F71CF257016D000DE7F05 /* ProcessingView.swift */,
				1D3F71D32570184500DE7F05 /* SpinnerView.swift */,
				1DE3DA3D2575F49500A7A1F7 /* VideoPlayerView.swift */,
				1DF58F4E2574CA6600563EC2 /* Models */,
			);
			path = CustomViews;
			sourceTree = "<group>";
		};
		1D9256DE257F5CEB00E988B2 /* Views */ = {
			isa = PBXGroup;
			children = (
				1D9256DF257F5D5100E988B2 /* EditPostView.swift */,
			);
			path = Views;
			sourceTree = "<group>";
		};
		1D9256EB257F633100E988B2 /* Requests */ = {
			isa = PBXGroup;
			children = (
			);
			path = Requests;
			sourceTree = "<group>";
		};
		1D9314432577E990001C85C1 /* Frameworks */ = {
			isa = PBXGroup;
			children = (
				1D9314442577E991001C85C1 /* MobileCoreServices.framework */,
			);
			name = Frameworks;
			sourceTree = "<group>";
		};
		1D9E193B257897C7001960AF /* Views */ = {
			isa = PBXGroup;
			children = (
				1DDEC780256F6AC300D65023 /* MyPostsTableViewCell.swift */,
				1DDEC784256F6BA800D65023 /* MyPostsCellViewModel.swift */,
			);
			path = Views;
			sourceTree = "<group>";
		};
		1D9E193C257897D2001960AF /* Views */ = {
			isa = PBXGroup;
			children = (
				1D9E1937257897AE001960AF /* ProfileTableViewCell.swift */,
				1D14AD5825790BA700CB2C82 /* ProfileSectionHeaderCell.swift */,
				1D14AD6A257A0CFD00CB2C82 /* ProfileTextFieldTableViewCell.swift */,
				1D14AD7A257AA8E800CB2C82 /* ProfileTextViewTableViewCell.swift */,
				1D14AD72257A16AB00CB2C82 /* ProfileInfoTableViewCell.swift */,
				1D14AD76257A16BC00CB2C82 /* ProfileTrailerTableViewCell.swift */,
				1D9256C4257E6A3200E988B2 /* AccountInfoTableViewCell.swift */,
			);
			path = Views;
			sourceTree = "<group>";
		};
		1DD1FE1B256D6F5500C598CE /* Responses */ = {
			isa = PBXGroup;
			children = (
				1DD1FE1C256D6F7300C598CE /* AuthenticateResponse.swift */,
				1DDEC77A256F5D1D00D65023 /* LoadMyPostsResponse.swift */,
				1D14AD662579E41E00CB2C82 /* LoadProfileResponse.swift */,
			);
			path = Responses;
			sourceTree = "<group>";
		};
		1DD1FE2C256E16BF00C598CE /* Extensions */ = {
			isa = PBXGroup;
			children = (
				1DD1FE27256E16B600C598CE /* UIButton+Extensions.swift */,
				1D91A0CB256C1B8E0043A943 /* UIStackView+Extensions.swift */,
				1DD1FE2D256E16D100C598CE /* UIImage+Extensions.swift */,
				1D3F71E72571294F00DE7F05 /* String+Extensions.swift */,
				1D3F72252571634D00DE7F05 /* RxTableViewSectionedReloadDataSource+Extensions.swift */,
				1DE3DA2D25751F0E00A7A1F7 /* Date+Extensions.swift */,
				1DE3DA3125751FE500A7A1F7 /* DateFormatter+Extensions.swift */,
				1DE3DA372575506100A7A1F7 /* UIViewController+Extensions.swift */,
				1D14AD6E257A0F5100CB2C82 /* UITextField+Extensions.swift */,
				1D9256C8257E70AF00E988B2 /* Locale+Extension.swift */,
				1D9256CC257E818800E988B2 /* Float+Extension.swift */,
				1D419B9E258083450096FBB7 /* Dictionary+Extensions.swift */,
				1D6FCD7E2581B8490062FF54 /* Single+Extension.swift */,
			);
			path = Extensions;
			sourceTree = "<group>";
		};
		1DD1FE51256E985D00C598CE /* Asset Management */ = {
			isa = PBXGroup;
			children = (
				1DD1FE52256E987A00C598CE /* UIImage+Assets.swift */,
			);
			path = "Asset Management";
			sourceTree = "<group>";
		};
		1DF58F4E2574CA6600563EC2 /* Models */ = {
			isa = PBXGroup;
			children = (
				1DF58F4F2574CB9200563EC2 /* PostSummaryViewModel.swift */,
			);
			path = Models;
			sourceTree = "<group>";
		};
/* End PBXGroup section */

/* Begin PBXNativeTarget section */
		1D3433F625624B4400886245 /* Broadcast */ = {
			isa = PBXNativeTarget;
			buildConfigurationList = 1D34342125624B4C00886245 /* Build configuration list for PBXNativeTarget "Broadcast" */;
			buildPhases = (
				1D3433F325624B4400886245 /* Sources */,
				1D3433F425624B4400886245 /* Frameworks */,
				1D3433F525624B4400886245 /* Resources */,
			);
			buildRules = (
			);
			dependencies = (
			);
			name = Broadcast;
			packageProductDependencies = (
				1D916D1725629EBF0059E549 /* RxSwift */,
				1D916D1925629EBF0059E549 /* RxCocoa */,
				1D916D1F2562A1180059E549 /* Alamofire */,
				1D916D252562A16D0059E549 /* TinyConstraints */,
				1D916D2B2562A2840059E549 /* RxAlamofire */,
				1D916D9D25640C430059E549 /* SDWebImage */,
				1DD1FE16256CE2E000C598CE /* SwiftRichString */,
				1DD1FE22256DF4B700C598CE /* KeychainAccess */,
				1D3F71EC2571516600DE7F05 /* RxDataSources */,
				1D3F71EE2571516600DE7F05 /* Differentiator */,
			);
			productName = Broadcast;
			productReference = 1D3433F725624B4400886245 /* Broadcast.app */;
			productType = "com.apple.product-type.application";
		};
		1D34340C25624B4C00886245 /* BroadcastTests */ = {
			isa = PBXNativeTarget;
			buildConfigurationList = 1D34342425624B4C00886245 /* Build configuration list for PBXNativeTarget "BroadcastTests" */;
			buildPhases = (
				1D34340925624B4C00886245 /* Sources */,
				1D34340A25624B4C00886245 /* Frameworks */,
				1D34340B25624B4C00886245 /* Resources */,
			);
			buildRules = (
			);
			dependencies = (
				1D34340F25624B4C00886245 /* PBXTargetDependency */,
			);
			name = BroadcastTests;
			productName = BroadcastTests;
			productReference = 1D34340D25624B4C00886245 /* BroadcastTests.xctest */;
			productType = "com.apple.product-type.bundle.unit-test";
		};
/* End PBXNativeTarget section */

/* Begin PBXProject section */
		1D3433EF25624B4400886245 /* Project object */ = {
			isa = PBXProject;
			attributes = {
				LastSwiftUpdateCheck = 1200;
				LastUpgradeCheck = 1200;
				TargetAttributes = {
					1D3433F625624B4400886245 = {
						CreatedOnToolsVersion = 12.0;
					};
					1D34340C25624B4C00886245 = {
						CreatedOnToolsVersion = 12.0;
						TestTargetID = 1D3433F625624B4400886245;
					};
				};
			};
			buildConfigurationList = 1D3433F225624B4400886245 /* Build configuration list for PBXProject "Broadcast" */;
			compatibilityVersion = "Xcode 9.3";
			developmentRegion = en;
			hasScannedForEncodings = 0;
			knownRegions = (
				en,
				Base,
			);
			mainGroup = 1D3433EE25624B4400886245;
			packageReferences = (
				1D916D1625629EBF0059E549 /* XCRemoteSwiftPackageReference "RxSwift" */,
				1D916D1E2562A1180059E549 /* XCRemoteSwiftPackageReference "Alamofire" */,
				1D916D242562A16D0059E549 /* XCRemoteSwiftPackageReference "TinyConstraints" */,
				1D916D2A2562A2840059E549 /* XCRemoteSwiftPackageReference "RxAlamofire" */,
				1D916D9C25640C420059E549 /* XCRemoteSwiftPackageReference "SDWebImage" */,
				1DD1FE15256CE2E000C598CE /* XCRemoteSwiftPackageReference "SwiftRichString" */,
				1DD1FE21256DF4B700C598CE /* XCRemoteSwiftPackageReference "KeychainAccess" */,
				1D3F71EB2571516600DE7F05 /* XCRemoteSwiftPackageReference "RxDataSources" */,
			);
			productRefGroup = 1D3433F825624B4400886245 /* Products */;
			projectDirPath = "";
			projectRoot = "";
			targets = (
				1D3433F625624B4400886245 /* Broadcast */,
				1D34340C25624B4C00886245 /* BroadcastTests */,
			);
		};
/* End PBXProject section */

/* Begin PBXResourcesBuildPhase section */
		1D3433F525624B4400886245 /* Resources */ = {
			isa = PBXResourcesBuildPhase;
			buildActionMask = 2147483647;
			files = (
				1D916DA625640C810059E549 /* Development.xcconfig in Resources */,
				1D3F71E22571244900DE7F05 /* Localizable.strings in Resources */,
				1D916DA725640C810059E549 /* Production.xcconfig in Resources */,
				1D34340725624B4C00886245 /* LaunchScreen.storyboard in Resources */,
				1D916DA825640C810059E549 /* Staging.xcconfig in Resources */,
				1D34340425624B4C00886245 /* Assets.xcassets in Resources */,
			);
			runOnlyForDeploymentPostprocessing = 0;
		};
		1D34340B25624B4C00886245 /* Resources */ = {
			isa = PBXResourcesBuildPhase;
			buildActionMask = 2147483647;
			files = (
			);
			runOnlyForDeploymentPostprocessing = 0;
		};
/* End PBXResourcesBuildPhase section */

/* Begin PBXSourcesBuildPhase section */
		1D3433F325624B4400886245 /* Sources */ = {
			isa = PBXSourcesBuildPhase;
			buildActionMask = 2147483647;
			files = (
				1D3F71C2256FFC0B00DE7F05 /* UILabel+Styling.swift in Sources */,
				1D3F71E82571294F00DE7F05 /* String+Extensions.swift in Sources */,
				1D3F71D42570184500DE7F05 /* SpinnerView.swift in Sources */,
				1D3ED5FF25663521004236BB /* UIColor+Styling.swift in Sources */,
				1D2A042F2565847B008CE2D4 /* LoginViewController.swift in Sources */,
				1DD1FE53256E987B00C598CE /* UIImage+Assets.swift in Sources */,
				1D712804257890450065B8EA /* ProfileStripeAccountViewController.swift in Sources */,
				1D87DF7025683863000652D6 /* NewPostGuideViewController.swift in Sources */,
				1D2A03F9256562A1008CE2D4 /* ConnectivityUseCase.swift in Sources */,
				1D916D6F2563F5250059E549 /* KeyboardEventsAdapter.swift in Sources */,
				1D7127FF257890100065B8EA /* ProfileDetailViewModel.swift in Sources */,
				1DD1FE2E256E16D100C598CE /* UIImage+Extensions.swift in Sources */,
				1D916D5F2562C3870059E549 /* BoomdayError.swift in Sources */,
				1D3F72262571634E00DE7F05 /* RxTableViewSectionedReloadDataSource+Extensions.swift in Sources */,
				1D91A0CC256C1B8E0043A943 /* UIStackView+Extensions.swift in Sources */,
				1D3B2A3E2564F21E001874FD /* APIService.swift in Sources */,
				1D3B2A2C2564E7A5001874FD /* LocalUploadService.swift in Sources */,
				1D7127FB257883A80065B8EA /* ProfileDetailViewController.swift in Sources */,
				1DE3DA3E2575F49500A7A1F7 /* VideoPlayerView.swift in Sources */,
				1D3F71CA2570082800DE7F05 /* PostStatsView.swift in Sources */,
				1DE3DA3225751FE500A7A1F7 /* DateFormatter+Extensions.swift in Sources */,
				1D9256D7257F517700E988B2 /* NewPostCreateViewController.swift in Sources */,
				1D3B2A0D2564D0EA001874FD /* LocalAuthenticationService.swift in Sources */,
				1D87DF4E2568353F000652D6 /* EditProfileViewModel.swift in Sources */,
				1D14AD6B257A0CFD00CB2C82 /* ProfileTextFieldTableViewCell.swift in Sources */,
				1D3ED60425663AAD004236BB /* UINavigationController+Routing.swift in Sources */,
				1DDEC77B256F5D1D00D65023 /* LoadMyPostsResponse.swift in Sources */,
				1D14AD5925790BA700CB2C82 /* ProfileSectionHeaderCell.swift in Sources */,
				1D14AD77257A16BC00CB2C82 /* ProfileTrailerTableViewCell.swift in Sources */,
				1D916D672562C7500059E549 /* Domain.swift in Sources */,
				1D3B2A432564F22F001874FD /* LocalAPIService.swift in Sources */,
				1D3B2A392564F0D5001874FD /* PersistanceService.swift in Sources */,
				1DD1FE1D256D6F7300C598CE /* AuthenticateResponse.swift in Sources */,
				1D916D8D256404ED0059E549 /* Profile.swift in Sources */,
				1D87DF9B25683B53000652D6 /* ProfileViewModel.swift in Sources */,
				1DE3DA382575506100A7A1F7 /* UIViewController+Extensions.swift in Sources */,
				1D87DF532568367E000652D6 /* MyPostsViewController.swift in Sources */,
				1D9256C5257E6A3200E988B2 /* AccountInfoTableViewCell.swift in Sources */,
				1D916D83256403F80059E549 /* Post.swift in Sources */,
				1D2A03F4256561D5008CE2D4 /* AppLifeCycleUseCase.swift in Sources */,
				1D87DF9325683B3E000652D6 /* ProfileViewController.swift in Sources */,
				1D916D392562A4D90059E549 /* StateController.swift in Sources */,
				1D2A042525658367008CE2D4 /* Route.swift in Sources */,
				1D9256CD257E818900E988B2 /* Float+Extension.swift in Sources */,
				1D916D93256406B10059E549 /* Configuration.swift in Sources */,
				1D3B2A262564E6F1001874FD /* UploadService.swift in Sources */,
				1D3B29F625641BAF001874FD /* MainViewController.swift in Sources */,
				1D9256ED257F635000E988B2 /* NewPost.swift in Sources */,
				1D3F71C6257006D100DE7F05 /* PostSummaryView.swift in Sources */,
				1DD1FE28256E16B600C598CE /* UIButton+Extensions.swift in Sources */,
				1D3F71D82571205200DE7F05 /* LocalizedString.swift in Sources */,
				1D916D98256408CC0059E549 /* Logger.swift in Sources */,
				1D2A043425658484008CE2D4 /* LoginViewModel.swift in Sources */,
				1D9256E0257F5D5100E988B2 /* EditPostView.swift in Sources */,
				1D9256DB257F518D00E988B2 /* NewPostCreateViewModel.swift in Sources */,
				1D3B2A122564D1F0001874FD /* Services.swift in Sources */,
				1D3433FB25624B4400886245 /* AppDelegate.swift in Sources */,
				1D3B2A482564F238001874FD /* StandardAPIService.swift in Sources */,
				1D916D442562A7180059E549 /* UseCases.swift in Sources */,
				1D916D0A25629C080059E549 /* ViewModel.swift in Sources */,
				1D916D1225629C1E0059E549 /* ViewController.swift in Sources */,
				1D916D88256404190059E549 /* AuthenticationState.swift in Sources */,
				1D2A0420256582A0008CE2D4 /* Router.swift in Sources */,
				1D3ED5FA25663512004236BB /* UIFont+Styling.swift in Sources */,
				1D916D592562C2920059E549 /* Schedulers.swift in Sources */,
				1D14AD73257A16AC00CB2C82 /* ProfileInfoTableViewCell.swift in Sources */,
				1D2A042A256583E8008CE2D4 /* UIViewController+Routing.swift in Sources */,
				1D93143E2577DBDF001C85C1 /* MediaUrl.swift in Sources */,
				1D3B2A002564CF7F001874FD /* AuthenticationService.swift in Sources */,
				1D87DF84256839C9000652D6 /* PostDetailViewController.swift in Sources */,
				1D87DF752568387B000652D6 /* NewPostGuideViewModel.swift in Sources */,
				1D419B9F258083450096FBB7 /* Dictionary+Extensions.swift in Sources */,
				1DF09730258114D8007FEE3C /* URLAPIQueryStringRequest.swift in Sources */,
				1D3B2A1C2564D411001874FD /* CredentialsService.swift in Sources */,
				1D87DF8925683AC1000652D6 /* PostDetailViewModel.swift in Sources */,
				1DD1FE05256CA55F00C598CE /* UITextField+Styling.swift in Sources */,
				1D3B2A342564E7AF001874FD /* StandardUploadService.swift in Sources */,
				1DE3DA2E25751F0E00A7A1F7 /* Date+Extensions.swift in Sources */,
				1D14AD6F257A0F5100CB2C82 /* UITextField+Extensions.swift in Sources */,
				1D87DF582568368A000652D6 /* MyPostsViewModel.swift in Sources */,
				1D2A04092565761B008CE2D4 /* ConnectionState.swift in Sources */,
				1D3433FD25624B4400886245 /* SceneDelegate.swift in Sources */,
				1D3ED5F525663504004236BB /* UIButton+Styling.swift in Sources */,
				1D9E1938257897AE001960AF /* ProfileTableViewCell.swift in Sources */,
				1D9256F1257FBB0700E988B2 /* UITextView+Styling.swift in Sources */,
				1D2A03FE25656C03008CE2D4 /* AppState.swift in Sources */,
				1D2A03EA25655FFC008CE2D4 /* ProfileUseCase.swift in Sources */,
				1DDEC781256F6AC300D65023 /* MyPostsTableViewCell.swift in Sources */,
				1D2A03EF256561BB008CE2D4 /* PostContentUseCase.swift in Sources */,
				1D2CAA1B2577739700A54AE5 /* Style+Styling.swift in Sources */,
				1D3F71D0257016D000DE7F05 /* ProcessingView.swift in Sources */,
				1D712805257890450065B8EA /* ProfileStripeAccountViewModel.swift in Sources */,
				1D5CF0C32577CF50008F8C22 /* MediaPickerAdapter.swift in Sources */,
				1DF58F502574CB9300563EC2 /* PostSummaryViewModel.swift in Sources */,
				1D9256C9257E70AF00E988B2 /* Locale+Extension.swift in Sources */,
				1D91A0D2256C1DD60043A943 /* DismissableLabel.swift in Sources */,
				1D916D342562A4CF0059E549 /* State.swift in Sources */,
				1D3B2A212564D76C001874FD /* StandardCredentialsService.swift in Sources */,
				1D3B29FB25641C3A001874FD /* MainViewModel.swift in Sources */,
				1D87DF4925683535000652D6 /* EditProfileViewController.swift in Sources */,
				1D14AD7B257AA8E900CB2C82 /* ProfileTextViewTableViewCell.swift in Sources */,
				1D14AD672579E41E00CB2C82 /* LoadProfileResponse.swift in Sources */,
				1D2A03E525655BB1008CE2D4 /* AuthenticationUseCase.swift in Sources */,
				1DDEC785256F6BA800D65023 /* MyPostsCellViewModel.swift in Sources */,
				1D6FCD7F2581B8490062FF54 /* Single+Extension.swift in Sources */,
			);
			runOnlyForDeploymentPostprocessing = 0;
		};
		1D34340925624B4C00886245 /* Sources */ = {
			isa = PBXSourcesBuildPhase;
			buildActionMask = 2147483647;
			files = (
				1D34341225624B4C00886245 /* BroadcastTests.swift in Sources */,
			);
			runOnlyForDeploymentPostprocessing = 0;
		};
/* End PBXSourcesBuildPhase section */

/* Begin PBXTargetDependency section */
		1D34340F25624B4C00886245 /* PBXTargetDependency */ = {
			isa = PBXTargetDependency;
			target = 1D3433F625624B4400886245 /* Broadcast */;
			targetProxy = 1D34340E25624B4C00886245 /* PBXContainerItemProxy */;
		};
/* End PBXTargetDependency section */

/* Begin PBXVariantGroup section */
		1D34340525624B4C00886245 /* LaunchScreen.storyboard */ = {
			isa = PBXVariantGroup;
			children = (
				1D34340625624B4C00886245 /* Base */,
			);
			name = LaunchScreen.storyboard;
			sourceTree = "<group>";
		};
		1D3F71E42571244900DE7F05 /* Localizable.strings */ = {
			isa = PBXVariantGroup;
			children = (
				1D3F71E32571244900DE7F05 /* en */,
			);
			name = Localizable.strings;
			sourceTree = "<group>";
		};
/* End PBXVariantGroup section */

/* Begin XCBuildConfiguration section */
		1D34341F25624B4C00886245 /* Debug */ = {
			isa = XCBuildConfiguration;
			baseConfigurationReference = 1D916DA325640C810059E549 /* Development.xcconfig */;
			buildSettings = {
				ALWAYS_SEARCH_USER_PATHS = NO;
				CLANG_ANALYZER_NONNULL = YES;
				CLANG_ANALYZER_NUMBER_OBJECT_CONVERSION = YES_AGGRESSIVE;
				CLANG_CXX_LANGUAGE_STANDARD = "gnu++14";
				CLANG_CXX_LIBRARY = "libc++";
				CLANG_ENABLE_MODULES = YES;
				CLANG_ENABLE_OBJC_ARC = YES;
				CLANG_ENABLE_OBJC_WEAK = YES;
				CLANG_WARN_BLOCK_CAPTURE_AUTORELEASING = YES;
				CLANG_WARN_BOOL_CONVERSION = YES;
				CLANG_WARN_COMMA = YES;
				CLANG_WARN_CONSTANT_CONVERSION = YES;
				CLANG_WARN_DEPRECATED_OBJC_IMPLEMENTATIONS = YES;
				CLANG_WARN_DIRECT_OBJC_ISA_USAGE = YES_ERROR;
				CLANG_WARN_DOCUMENTATION_COMMENTS = YES;
				CLANG_WARN_EMPTY_BODY = YES;
				CLANG_WARN_ENUM_CONVERSION = YES;
				CLANG_WARN_INFINITE_RECURSION = YES;
				CLANG_WARN_INT_CONVERSION = YES;
				CLANG_WARN_NON_LITERAL_NULL_CONVERSION = YES;
				CLANG_WARN_OBJC_IMPLICIT_RETAIN_SELF = YES;
				CLANG_WARN_OBJC_LITERAL_CONVERSION = YES;
				CLANG_WARN_OBJC_ROOT_CLASS = YES_ERROR;
				CLANG_WARN_QUOTED_INCLUDE_IN_FRAMEWORK_HEADER = YES;
				CLANG_WARN_RANGE_LOOP_ANALYSIS = YES;
				CLANG_WARN_STRICT_PROTOTYPES = YES;
				CLANG_WARN_SUSPICIOUS_MOVE = YES;
				CLANG_WARN_UNGUARDED_AVAILABILITY = YES_AGGRESSIVE;
				CLANG_WARN_UNREACHABLE_CODE = YES;
				CLANG_WARN__DUPLICATE_METHOD_MATCH = YES;
				COPY_PHASE_STRIP = NO;
				DEBUG_INFORMATION_FORMAT = dwarf;
				ENABLE_STRICT_OBJC_MSGSEND = YES;
				ENABLE_TESTABILITY = YES;
				GCC_C_LANGUAGE_STANDARD = gnu11;
				GCC_DYNAMIC_NO_PIC = NO;
				GCC_NO_COMMON_BLOCKS = YES;
				GCC_OPTIMIZATION_LEVEL = 0;
				GCC_PREPROCESSOR_DEFINITIONS = (
					"DEBUG=1",
					"$(inherited)",
				);
				GCC_WARN_64_TO_32_BIT_CONVERSION = YES;
				GCC_WARN_ABOUT_RETURN_TYPE = YES_ERROR;
				GCC_WARN_UNDECLARED_SELECTOR = YES;
				GCC_WARN_UNINITIALIZED_AUTOS = YES_AGGRESSIVE;
				GCC_WARN_UNUSED_FUNCTION = YES;
				GCC_WARN_UNUSED_VARIABLE = YES;
				IPHONEOS_DEPLOYMENT_TARGET = 13.1;
				MTL_ENABLE_DEBUG_INFO = INCLUDE_SOURCE;
				MTL_FAST_MATH = YES;
				ONLY_ACTIVE_ARCH = YES;
				SDKROOT = iphoneos;
				SWIFT_ACTIVE_COMPILATION_CONDITIONS = DEBUG;
				SWIFT_OPTIMIZATION_LEVEL = "-Onone";
			};
			name = Debug;
		};
		1D34342025624B4C00886245 /* Release */ = {
			isa = XCBuildConfiguration;
			baseConfigurationReference = 1D916DA525640C810059E549 /* Staging.xcconfig */;
			buildSettings = {
				ALWAYS_SEARCH_USER_PATHS = NO;
				CLANG_ANALYZER_NONNULL = YES;
				CLANG_ANALYZER_NUMBER_OBJECT_CONVERSION = YES_AGGRESSIVE;
				CLANG_CXX_LANGUAGE_STANDARD = "gnu++14";
				CLANG_CXX_LIBRARY = "libc++";
				CLANG_ENABLE_MODULES = YES;
				CLANG_ENABLE_OBJC_ARC = YES;
				CLANG_ENABLE_OBJC_WEAK = YES;
				CLANG_WARN_BLOCK_CAPTURE_AUTORELEASING = YES;
				CLANG_WARN_BOOL_CONVERSION = YES;
				CLANG_WARN_COMMA = YES;
				CLANG_WARN_CONSTANT_CONVERSION = YES;
				CLANG_WARN_DEPRECATED_OBJC_IMPLEMENTATIONS = YES;
				CLANG_WARN_DIRECT_OBJC_ISA_USAGE = YES_ERROR;
				CLANG_WARN_DOCUMENTATION_COMMENTS = YES;
				CLANG_WARN_EMPTY_BODY = YES;
				CLANG_WARN_ENUM_CONVERSION = YES;
				CLANG_WARN_INFINITE_RECURSION = YES;
				CLANG_WARN_INT_CONVERSION = YES;
				CLANG_WARN_NON_LITERAL_NULL_CONVERSION = YES;
				CLANG_WARN_OBJC_IMPLICIT_RETAIN_SELF = YES;
				CLANG_WARN_OBJC_LITERAL_CONVERSION = YES;
				CLANG_WARN_OBJC_ROOT_CLASS = YES_ERROR;
				CLANG_WARN_QUOTED_INCLUDE_IN_FRAMEWORK_HEADER = YES;
				CLANG_WARN_RANGE_LOOP_ANALYSIS = YES;
				CLANG_WARN_STRICT_PROTOTYPES = YES;
				CLANG_WARN_SUSPICIOUS_MOVE = YES;
				CLANG_WARN_UNGUARDED_AVAILABILITY = YES_AGGRESSIVE;
				CLANG_WARN_UNREACHABLE_CODE = YES;
				CLANG_WARN__DUPLICATE_METHOD_MATCH = YES;
				COPY_PHASE_STRIP = NO;
				DEBUG_INFORMATION_FORMAT = "dwarf-with-dsym";
				ENABLE_NS_ASSERTIONS = NO;
				ENABLE_STRICT_OBJC_MSGSEND = YES;
				GCC_C_LANGUAGE_STANDARD = gnu11;
				GCC_NO_COMMON_BLOCKS = YES;
				GCC_WARN_64_TO_32_BIT_CONVERSION = YES;
				GCC_WARN_ABOUT_RETURN_TYPE = YES_ERROR;
				GCC_WARN_UNDECLARED_SELECTOR = YES;
				GCC_WARN_UNINITIALIZED_AUTOS = YES_AGGRESSIVE;
				GCC_WARN_UNUSED_FUNCTION = YES;
				GCC_WARN_UNUSED_VARIABLE = YES;
				IPHONEOS_DEPLOYMENT_TARGET = 13.1;
				MTL_ENABLE_DEBUG_INFO = NO;
				MTL_FAST_MATH = YES;
				SDKROOT = iphoneos;
				SWIFT_COMPILATION_MODE = wholemodule;
				SWIFT_OPTIMIZATION_LEVEL = "-O";
				VALIDATE_PRODUCT = YES;
			};
			name = Release;
		};
		1D34342225624B4C00886245 /* Debug */ = {
			isa = XCBuildConfiguration;
			baseConfigurationReference = 1D916DA325640C810059E549 /* Development.xcconfig */;
			buildSettings = {
				ASSETCATALOG_COMPILER_APPICON_NAME = AppIcon;
				ASSETCATALOG_COMPILER_GLOBAL_ACCENT_COLOR_NAME = AccentColor;
				CODE_SIGN_STYLE = Automatic;
				DEVELOPMENT_TEAM = KTKP5PRF82;
				INFOPLIST_FILE = Broadcast/Assets/Info.plist;
				IPHONEOS_DEPLOYMENT_TARGET = 13.1;
				LD_RUNPATH_SEARCH_PATHS = (
					"$(inherited)",
					"@executable_path/Frameworks",
				);
				MARKETING_VERSION = 0.0.1;
				PRODUCT_BUNDLE_IDENTIFIER = com.boomday.Broadcast;
				PRODUCT_NAME = "$(TARGET_NAME)";
				SWIFT_VERSION = 5.0;
				TARGETED_DEVICE_FAMILY = 1;
			};
			name = Debug;
		};
		1D34342325624B4C00886245 /* Release */ = {
			isa = XCBuildConfiguration;
			baseConfigurationReference = 1D916DA525640C810059E549 /* Staging.xcconfig */;
			buildSettings = {
				ASSETCATALOG_COMPILER_APPICON_NAME = AppIcon;
				ASSETCATALOG_COMPILER_GLOBAL_ACCENT_COLOR_NAME = AccentColor;
				CODE_SIGN_STYLE = Automatic;
				DEVELOPMENT_TEAM = KTKP5PRF82;
				INFOPLIST_FILE = Broadcast/Assets/Info.plist;
				IPHONEOS_DEPLOYMENT_TARGET = 13.1;
				LD_RUNPATH_SEARCH_PATHS = (
					"$(inherited)",
					"@executable_path/Frameworks",
				);
				MARKETING_VERSION = 0.0.1;
				PRODUCT_BUNDLE_IDENTIFIER = com.boomday.Broadcast;
				PRODUCT_NAME = "$(TARGET_NAME)";
				SWIFT_VERSION = 5.0;
				TARGETED_DEVICE_FAMILY = 1;
			};
			name = Release;
		};
		1D34342525624B4C00886245 /* Debug */ = {
			isa = XCBuildConfiguration;
			baseConfigurationReference = 1D916DA325640C810059E549 /* Development.xcconfig */;
			buildSettings = {
				ALWAYS_EMBED_SWIFT_STANDARD_LIBRARIES = YES;
				BUNDLE_LOADER = "$(TEST_HOST)";
				CODE_SIGN_STYLE = Automatic;
				DEVELOPMENT_TEAM = KTKP5PRF82;
				INFOPLIST_FILE = BroadcastTests/Info.plist;
				IPHONEOS_DEPLOYMENT_TARGET = 14.0;
				LD_RUNPATH_SEARCH_PATHS = (
					"$(inherited)",
					"@executable_path/Frameworks",
					"@loader_path/Frameworks",
				);
				PRODUCT_BUNDLE_IDENTIFIER = com.boomday.BroadcastTests;
				PRODUCT_NAME = "$(TARGET_NAME)";
				SWIFT_VERSION = 5.0;
				TARGETED_DEVICE_FAMILY = "1,2";
				TEST_HOST = "$(BUILT_PRODUCTS_DIR)/Broadcast.app/Broadcast";
			};
			name = Debug;
		};
		1D34342625624B4C00886245 /* Release */ = {
			isa = XCBuildConfiguration;
			baseConfigurationReference = 1D916DA525640C810059E549 /* Staging.xcconfig */;
			buildSettings = {
				ALWAYS_EMBED_SWIFT_STANDARD_LIBRARIES = YES;
				BUNDLE_LOADER = "$(TEST_HOST)";
				CODE_SIGN_STYLE = Automatic;
				DEVELOPMENT_TEAM = KTKP5PRF82;
				INFOPLIST_FILE = BroadcastTests/Info.plist;
				IPHONEOS_DEPLOYMENT_TARGET = 14.0;
				LD_RUNPATH_SEARCH_PATHS = (
					"$(inherited)",
					"@executable_path/Frameworks",
					"@loader_path/Frameworks",
				);
				PRODUCT_BUNDLE_IDENTIFIER = com.boomday.BroadcastTests;
				PRODUCT_NAME = "$(TARGET_NAME)";
				SWIFT_VERSION = 5.0;
				TARGETED_DEVICE_FAMILY = "1,2";
				TEST_HOST = "$(BUILT_PRODUCTS_DIR)/Broadcast.app/Broadcast";
			};
			name = Release;
		};
/* End XCBuildConfiguration section */

/* Begin XCConfigurationList section */
		1D3433F225624B4400886245 /* Build configuration list for PBXProject "Broadcast" */ = {
			isa = XCConfigurationList;
			buildConfigurations = (
				1D34341F25624B4C00886245 /* Debug */,
				1D34342025624B4C00886245 /* Release */,
			);
			defaultConfigurationIsVisible = 0;
			defaultConfigurationName = Release;
		};
		1D34342125624B4C00886245 /* Build configuration list for PBXNativeTarget "Broadcast" */ = {
			isa = XCConfigurationList;
			buildConfigurations = (
				1D34342225624B4C00886245 /* Debug */,
				1D34342325624B4C00886245 /* Release */,
			);
			defaultConfigurationIsVisible = 0;
			defaultConfigurationName = Release;
		};
		1D34342425624B4C00886245 /* Build configuration list for PBXNativeTarget "BroadcastTests" */ = {
			isa = XCConfigurationList;
			buildConfigurations = (
				1D34342525624B4C00886245 /* Debug */,
				1D34342625624B4C00886245 /* Release */,
			);
			defaultConfigurationIsVisible = 0;
			defaultConfigurationName = Release;
		};
/* End XCConfigurationList section */

/* Begin XCRemoteSwiftPackageReference section */
		1D3F71EB2571516600DE7F05 /* XCRemoteSwiftPackageReference "RxDataSources" */ = {
			isa = XCRemoteSwiftPackageReference;
			repositoryURL = "https://github.com/RxSwiftCommunity/RxDataSources.git";
			requirement = {
				kind = upToNextMajorVersion;
				minimumVersion = 4.0.1;
			};
		};
		1D916D1625629EBF0059E549 /* XCRemoteSwiftPackageReference "RxSwift" */ = {
			isa = XCRemoteSwiftPackageReference;
			repositoryURL = "https://github.com/ReactiveX/RxSwift.git";
			requirement = {
				kind = upToNextMajorVersion;
				minimumVersion = 5.1.1;
			};
		};
		1D916D1E2562A1180059E549 /* XCRemoteSwiftPackageReference "Alamofire" */ = {
			isa = XCRemoteSwiftPackageReference;
			repositoryURL = "https://github.com/Alamofire/Alamofire.git";
			requirement = {
				kind = upToNextMajorVersion;
				minimumVersion = 5.4.0;
			};
		};
		1D916D242562A16D0059E549 /* XCRemoteSwiftPackageReference "TinyConstraints" */ = {
			isa = XCRemoteSwiftPackageReference;
			repositoryURL = "https://github.com/roberthein/TinyConstraints.git";
			requirement = {
				kind = upToNextMajorVersion;
				minimumVersion = 4.0.1;
			};
		};
		1D916D2A2562A2840059E549 /* XCRemoteSwiftPackageReference "RxAlamofire" */ = {
			isa = XCRemoteSwiftPackageReference;
			repositoryURL = "https://github.com/RxSwiftCommunity/RxAlamofire.git";
			requirement = {
				kind = upToNextMajorVersion;
				minimumVersion = 5.6.2;
			};
		};
		1D916D9C25640C420059E549 /* XCRemoteSwiftPackageReference "SDWebImage" */ = {
			isa = XCRemoteSwiftPackageReference;
			repositoryURL = "https://github.com/SDWebImage/SDWebImage.git";
			requirement = {
				kind = upToNextMajorVersion;
				minimumVersion = 5.9.5;
			};
		};
		1DD1FE15256CE2E000C598CE /* XCRemoteSwiftPackageReference "SwiftRichString" */ = {
			isa = XCRemoteSwiftPackageReference;
			repositoryURL = "https://github.com/malcommac/SwiftRichString";
			requirement = {
				kind = upToNextMajorVersion;
				minimumVersion = 3.7.2;
			};
		};
		1DD1FE21256DF4B700C598CE /* XCRemoteSwiftPackageReference "KeychainAccess" */ = {
			isa = XCRemoteSwiftPackageReference;
			repositoryURL = "https://github.com/kishikawakatsumi/KeychainAccess.git";
			requirement = {
				kind = upToNextMajorVersion;
				minimumVersion = 4.2.1;
			};
		};
/* End XCRemoteSwiftPackageReference section */

/* Begin XCSwiftPackageProductDependency section */
		1D3F71EC2571516600DE7F05 /* RxDataSources */ = {
			isa = XCSwiftPackageProductDependency;
			package = 1D3F71EB2571516600DE7F05 /* XCRemoteSwiftPackageReference "RxDataSources" */;
			productName = RxDataSources;
		};
		1D3F71EE2571516600DE7F05 /* Differentiator */ = {
			isa = XCSwiftPackageProductDependency;
			package = 1D3F71EB2571516600DE7F05 /* XCRemoteSwiftPackageReference "RxDataSources" */;
			productName = Differentiator;
		};
		1D916D1725629EBF0059E549 /* RxSwift */ = {
			isa = XCSwiftPackageProductDependency;
			package = 1D916D1625629EBF0059E549 /* XCRemoteSwiftPackageReference "RxSwift" */;
			productName = RxSwift;
		};
		1D916D1925629EBF0059E549 /* RxCocoa */ = {
			isa = XCSwiftPackageProductDependency;
			package = 1D916D1625629EBF0059E549 /* XCRemoteSwiftPackageReference "RxSwift" */;
			productName = RxCocoa;
		};
		1D916D1F2562A1180059E549 /* Alamofire */ = {
			isa = XCSwiftPackageProductDependency;
			package = 1D916D1E2562A1180059E549 /* XCRemoteSwiftPackageReference "Alamofire" */;
			productName = Alamofire;
		};
		1D916D252562A16D0059E549 /* TinyConstraints */ = {
			isa = XCSwiftPackageProductDependency;
			package = 1D916D242562A16D0059E549 /* XCRemoteSwiftPackageReference "TinyConstraints" */;
			productName = TinyConstraints;
		};
		1D916D2B2562A2840059E549 /* RxAlamofire */ = {
			isa = XCSwiftPackageProductDependency;
			package = 1D916D2A2562A2840059E549 /* XCRemoteSwiftPackageReference "RxAlamofire" */;
			productName = RxAlamofire;
		};
		1D916D9D25640C430059E549 /* SDWebImage */ = {
			isa = XCSwiftPackageProductDependency;
			package = 1D916D9C25640C420059E549 /* XCRemoteSwiftPackageReference "SDWebImage" */;
			productName = SDWebImage;
		};
		1DD1FE16256CE2E000C598CE /* SwiftRichString */ = {
			isa = XCSwiftPackageProductDependency;
			package = 1DD1FE15256CE2E000C598CE /* XCRemoteSwiftPackageReference "SwiftRichString" */;
			productName = SwiftRichString;
		};
		1DD1FE22256DF4B700C598CE /* KeychainAccess */ = {
			isa = XCSwiftPackageProductDependency;
			package = 1DD1FE21256DF4B700C598CE /* XCRemoteSwiftPackageReference "KeychainAccess" */;
			productName = KeychainAccess;
		};
/* End XCSwiftPackageProductDependency section */
	};
	rootObject = 1D3433EF25624B4400886245 /* Project object */;
}
